// !$*UTF8*$!
{
	archiveVersion = 1;
	classes = {
	};
	objectVersion = 56;
	objects = {

/* Begin PBXBuildFile section */
		480BFBB42A67C511008C1971 /* AppDelegate.swift in Sources */ = {isa = PBXBuildFile; fileRef = 480BFBB32A67C511008C1971 /* AppDelegate.swift */; };
		480BFBB62A67C511008C1971 /* SceneDelegate.swift in Sources */ = {isa = PBXBuildFile; fileRef = 480BFBB52A67C511008C1971 /* SceneDelegate.swift */; };
		480BFBB82A67C511008C1971 /* ViewController.swift in Sources */ = {isa = PBXBuildFile; fileRef = 480BFBB72A67C511008C1971 /* ViewController.swift */; };
		480BFBBB2A67C511008C1971 /* Main.storyboard in Resources */ = {isa = PBXBuildFile; fileRef = 480BFBB92A67C511008C1971 /* Main.storyboard */; };
		480BFBBD2A67C514008C1971 /* Assets.xcassets in Resources */ = {isa = PBXBuildFile; fileRef = 480BFBBC2A67C514008C1971 /* Assets.xcassets */; };
		480BFBC02A67C514008C1971 /* LaunchScreen.storyboard in Resources */ = {isa = PBXBuildFile; fileRef = 480BFBBE2A67C514008C1971 /* LaunchScreen.storyboard */; };
		480BFBC82A67C588008C1971 /* JackFlixViewController.swift in Sources */ = {isa = PBXBuildFile; fileRef = 480BFBC72A67C588008C1971 /* JackFlixViewController.swift */; };
		480BFBCA2A67D7B1008C1971 /* mainScreenViewController.swift in Sources */ = {isa = PBXBuildFile; fileRef = 480BFBC92A67D7B1008C1971 /* mainScreenViewController.swift */; };
		4896B7342A68BEFD00051353 /* testViewController.swift in Sources */ = {isa = PBXBuildFile; fileRef = 4896B7332A68BEFD00051353 /* testViewController.swift */; };
		4896B7362A68C42C00051353 /* keyBoardViewController.swift in Sources */ = {isa = PBXBuildFile; fileRef = 4896B7352A68C42C00051353 /* keyBoardViewController.swift */; };
/* End PBXBuildFile section */

/* Begin PBXFileReference section */
		480BFBB02A67C511008C1971 /* 0719hw.app */ = {isa = PBXFileReference; explicitFileType = wrapper.application; includeInIndex = 0; path = 0719hw.app; sourceTree = BUILT_PRODUCTS_DIR; };
		480BFBB32A67C511008C1971 /* AppDelegate.swift */ = {isa = PBXFileReference; lastKnownFileType = sourcecode.swift; path = AppDelegate.swift; sourceTree = "<group>"; };
		480BFBB52A67C511008C1971 /* SceneDelegate.swift */ = {isa = PBXFileReference; lastKnownFileType = sourcecode.swift; path = SceneDelegate.swift; sourceTree = "<group>"; };
		480BFBB72A67C511008C1971 /* ViewController.swift */ = {isa = PBXFileReference; lastKnownFileType = sourcecode.swift; path = ViewController.swift; sourceTree = "<group>"; };
		480BFBBA2A67C511008C1971 /* Base */ = {isa = PBXFileReference; lastKnownFileType = file.storyboard; name = Base; path = Base.lproj/Main.storyboard; sourceTree = "<group>"; };
		480BFBBC2A67C514008C1971 /* Assets.xcassets */ = {isa = PBXFileReference; lastKnownFileType = folder.assetcatalog; path = Assets.xcassets; sourceTree = "<group>"; };
		480BFBBF2A67C514008C1971 /* Base */ = {isa = PBXFileReference; lastKnownFileType = file.storyboard; name = Base; path = Base.lproj/LaunchScreen.storyboard; sourceTree = "<group>"; };
		480BFBC12A67C514008C1971 /* Info.plist */ = {isa = PBXFileReference; lastKnownFileType = text.plist.xml; path = Info.plist; sourceTree = "<group>"; };
		480BFBC72A67C588008C1971 /* JackFlixViewController.swift */ = {isa = PBXFileReference; lastKnownFileType = sourcecode.swift; path = JackFlixViewController.swift; sourceTree = "<group>"; };
		480BFBC92A67D7B1008C1971 /* mainScreenViewController.swift */ = {isa = PBXFileReference; lastKnownFileType = sourcecode.swift; path = mainScreenViewController.swift; sourceTree = "<group>"; };
		4896B7332A68BEFD00051353 /* testViewController.swift */ = {isa = PBXFileReference; lastKnownFileType = sourcecode.swift; path = testViewController.swift; sourceTree = "<group>"; };
		4896B7352A68C42C00051353 /* keyBoardViewController.swift */ = {isa = PBXFileReference; lastKnownFileType = sourcecode.swift; path = keyBoardViewController.swift; sourceTree = "<group>"; };
/* End PBXFileReference section */

/* Begin PBXFrameworksBuildPhase section */
		480BFBAD2A67C511008C1971 /* Frameworks */ = {
			isa = PBXFrameworksBuildPhase;
			buildActionMask = 2147483647;
			files = (
			);
			runOnlyForDeploymentPostprocessing = 0;
		};
/* End PBXFrameworksBuildPhase section */

/* Begin PBXGroup section */
		480BFBA72A67C511008C1971 = {
			isa = PBXGroup;
			children = (
				480BFBB22A67C511008C1971 /* 0719hw */,
				480BFBB12A67C511008C1971 /* Products */,
			);
			sourceTree = "<group>";
		};
		480BFBB12A67C511008C1971 /* Products */ = {
			isa = PBXGroup;
			children = (
				480BFBB02A67C511008C1971 /* 0719hw.app */,
			);
			name = Products;
			sourceTree = "<group>";
		};
		480BFBB22A67C511008C1971 /* 0719hw */ = {
			isa = PBXGroup;
			children = (
				480BFBB32A67C511008C1971 /* AppDelegate.swift */,
				480BFBB52A67C511008C1971 /* SceneDelegate.swift */,
				480BFBB72A67C511008C1971 /* ViewController.swift */,
				480BFBB92A67C511008C1971 /* Main.storyboard */,
				4896B7352A68C42C00051353 /* keyBoardViewController.swift */,
				4896B7332A68BEFD00051353 /* testViewController.swift */,
				480BFBC92A67D7B1008C1971 /* mainScreenViewController.swift */,
				480BFBC72A67C588008C1971 /* JackFlixViewController.swift */,
				480BFBBC2A67C514008C1971 /* Assets.xcassets */,
				480BFBBE2A67C514008C1971 /* LaunchScreen.storyboard */,
				480BFBC12A67C514008C1971 /* Info.plist */,
			);
			path = 0719hw;
			sourceTree = "<group>";
		};
/* End PBXGroup section */

/* Begin PBXNativeTarget section */
		480BFBAF2A67C511008C1971 /* 0719hw */ = {
			isa = PBXNativeTarget;
			buildConfigurationList = 480BFBC42A67C514008C1971 /* Build configuration list for PBXNativeTarget "0719hw" */;
			buildPhases = (
				480BFBAC2A67C511008C1971 /* Sources */,
				480BFBAD2A67C511008C1971 /* Frameworks */,
				480BFBAE2A67C511008C1971 /* Resources */,
			);
			buildRules = (
			);
			dependencies = (
			);
			name = 0719hw;
			productName = 0719hw;
			productReference = 480BFBB02A67C511008C1971 /* 0719hw.app */;
			productType = "com.apple.product-type.application";
		};
/* End PBXNativeTarget section */

/* Begin PBXProject section */
		480BFBA82A67C511008C1971 /* Project object */ = {
			isa = PBXProject;
			attributes = {
				BuildIndependentTargetsInParallel = 1;
				LastSwiftUpdateCheck = 1430;
				LastUpgradeCheck = 1430;
				TargetAttributes = {
					480BFBAF2A67C511008C1971 = {
						CreatedOnToolsVersion = 14.3.1;
					};
				};
			};
			buildConfigurationList = 480BFBAB2A67C511008C1971 /* Build configuration list for PBXProject "0719hw" */;
			compatibilityVersion = "Xcode 14.0";
			developmentRegion = en;
			hasScannedForEncodings = 0;
			knownRegions = (
				en,
				Base,
			);
			mainGroup = 480BFBA72A67C511008C1971;
			productRefGroup = 480BFBB12A67C511008C1971 /* Products */;
			projectDirPath = "";
			projectRoot = "";
			targets = (
				480BFBAF2A67C511008C1971 /* 0719hw */,
			);
		};
/* End PBXProject section */

/* Begin PBXResourcesBuildPhase section */
		480BFBAE2A67C511008C1971 /* Resources */ = {
			isa = PBXResourcesBuildPhase;
			buildActionMask = 2147483647;
			files = (
				480BFBC02A67C514008C1971 /* LaunchScreen.storyboard in Resources */,
				480BFBBD2A67C514008C1971 /* Assets.xcassets in Resources */,
				480BFBBB2A67C511008C1971 /* Main.storyboard in Resources */,
			);
			runOnlyForDeploymentPostprocessing = 0;
		};
/* End PBXResourcesBuildPhase section */

/* Begin PBXSourcesBuildPhase section */
		480BFBAC2A67C511008C1971 /* Sources */ = {
			isa = PBXSourcesBuildPhase;
			buildActionMask = 2147483647;
			files = (
				4896B7342A68BEFD00051353 /* testViewController.swift in Sources */,
				480BFBB82A67C511008C1971 /* ViewController.swift in Sources */,
				480BFBB42A67C511008C1971 /* AppDelegate.swift in Sources */,
				480BFBCA2A67D7B1008C1971 /* mainScreenViewController.swift in Sources */,
				4896B7362A68C42C00051353 /* keyBoardViewController.swift in Sources */,
				480BFBC82A67C588008C1971 /* JackFlixViewController.swift in Sources */,
				480BFBB62A67C511008C1971 /* SceneDelegate.swift in Sources */,
			);
			runOnlyForDeploymentPostprocessing = 0;
		};
/* End PBXSourcesBuildPhase section */

/* Begin PBXVariantGroup section */
		480BFBB92A67C511008C1971 /* Main.storyboard */ = {
			isa = PBXVariantGroup;
			children = (
				480BFBBA2A67C511008C1971 /* Base */,
			);
			name = Main.storyboard;
			sourceTree = "<group>";
		};
		480BFBBE2A67C514008C1971 /* LaunchScreen.storyboard */ = {
			isa = PBXVariantGroup;
			children = (
				480BFBBF2A67C514008C1971 /* Base */,
			);
			name = LaunchScreen.storyboard;
			sourceTree = "<group>";
		};
/* End PBXVariantGroup section */

/* Begin XCBuildConfiguration section */
		480BFBC22A67C514008C1971 /* Debug */ = {
			isa = XCBuildConfiguration;
			buildSettings = {
				ALWAYS_SEARCH_USER_PATHS = NO;
				CLANG_ANALYZER_NONNULL = YES;
				CLANG_ANALYZER_NUMBER_OBJECT_CONVERSION = YES_AGGRESSIVE;
				CLANG_CXX_LANGUAGE_STANDARD = "gnu++20";
				CLANG_ENABLE_MODULES = YES;
				CLANG_ENABLE_OBJC_ARC = YES;
				CLANG_ENABLE_OBJC_WEAK = YES;
				CLANG_WARN_BLOCK_CAPTURE_AUTORELEASING = YES;
				CLANG_WARN_BOOL_CONVERSION = YES;
				CLANG_WARN_COMMA = YES;
				CLANG_WARN_CONSTANT_CONVERSION = YES;
				CLANG_WARN_DEPRECATED_OBJC_IMPLEMENTATIONS = YES;
				CLANG_WARN_DIRECT_OBJC_ISA_USAGE = YES_ERROR;
				CLANG_WARN_DOCUMENTATION_COMMENTS = YES;
				CLANG_WARN_EMPTY_BODY = YES;
				CLANG_WARN_ENUM_CONVERSION = YES;
				CLANG_WARN_INFINITE_RECURSION = YES;
				CLANG_WARN_INT_CONVERSION = YES;
				CLANG_WARN_NON_LITERAL_NULL_CONVERSION = YES;
				CLANG_WARN_OBJC_IMPLICIT_RETAIN_SELF = YES;
				CLANG_WARN_OBJC_LITERAL_CONVERSION = YES;
				CLANG_WARN_OBJC_ROOT_CLASS = YES_ERROR;
				CLANG_WARN_QUOTED_INCLUDE_IN_FRAMEWORK_HEADER = YES;
				CLANG_WARN_RANGE_LOOP_ANALYSIS = YES;
				CLANG_WARN_STRICT_PROTOTYPES = YES;
				CLANG_WARN_SUSPICIOUS_MOVE = YES;
				CLANG_WARN_UNGUARDED_AVAILABILITY = YES_AGGRESSIVE;
				CLANG_WARN_UNREACHABLE_CODE = YES;
				CLANG_WARN__DUPLICATE_METHOD_MATCH = YES;
				COPY_PHASE_STRIP = NO;
				DEBUG_INFORMATION_FORMAT = dwarf;
				ENABLE_STRICT_OBJC_MSGSEND = YES;
				ENABLE_TESTABILITY = YES;
				GCC_C_LANGUAGE_STANDARD = gnu11;
				GCC_DYNAMIC_NO_PIC = NO;
				GCC_NO_COMMON_BLOCKS = YES;
				GCC_OPTIMIZATION_LEVEL = 0;
				GCC_PREPROCESSOR_DEFINITIONS = (
					"DEBUG=1",
					"$(inherited)",
				);
				GCC_WARN_64_TO_32_BIT_CONVERSION = YES;
				GCC_WARN_ABOUT_RETURN_TYPE = YES_ERROR;
				GCC_WARN_UNDECLARED_SELECTOR = YES;
				GCC_WARN_UNINITIALIZED_AUTOS = YES_AGGRESSIVE;
				GCC_WARN_UNUSED_FUNCTION = YES;
				GCC_WARN_UNUSED_VARIABLE = YES;
				IPHONEOS_DEPLOYMENT_TARGET = 16.4;
				MTL_ENABLE_DEBUG_INFO = INCLUDE_SOURCE;
				MTL_FAST_MATH = YES;
				ONLY_ACTIVE_ARCH = YES;
				SDKROOT = iphoneos;
				SWIFT_ACTIVE_COMPILATION_CONDITIONS = DEBUG;
				SWIFT_OPTIMIZATION_LEVEL = "-Onone";
			};
			name = Debug;
		};
		480BFBC32A67C514008C1971 /* Release */ = {
			isa = XCBuildConfiguration;
			buildSettings = {
				ALWAYS_SEARCH_USER_PATHS = NO;
				CLANG_ANALYZER_NONNULL = YES;
				CLANG_ANALYZER_NUMBER_OBJECT_CONVERSION = YES_AGGRESSIVE;
				CLANG_CXX_LANGUAGE_STANDARD = "gnu++20";
				CLANG_ENABLE_MODULES = YES;
				CLANG_ENABLE_OBJC_ARC = YES;
				CLANG_ENABLE_OBJC_WEAK = YES;
				CLANG_WARN_BLOCK_CAPTURE_AUTORELEASING = YES;
				CLANG_WARN_BOOL_CONVERSION = YES;
				CLANG_WARN_COMMA = YES;
				CLANG_WARN_CONSTANT_CONVERSION = YES;
				CLANG_WARN_DEPRECATED_OBJC_IMPLEMENTATIONS = YES;
				CLANG_WARN_DIRECT_OBJC_ISA_USAGE = YES_ERROR;
				CLANG_WARN_DOCUMENTATION_COMMENTS = YES;
				CLANG_WARN_EMPTY_BODY = YES;
				CLANG_WARN_ENUM_CONVERSION = YES;
				CLANG_WARN_INFINITE_RECURSION = YES;
				CLANG_WARN_INT_CONVERSION = YES;
				CLANG_WARN_NON_LITERAL_NULL_CONVERSION = YES;
				CLANG_WARN_OBJC_IMPLICIT_RETAIN_SELF = YES;
				CLANG_WARN_OBJC_LITERAL_CONVERSION = YES;
				CLANG_WARN_OBJC_ROOT_CLASS = YES_ERROR;
				CLANG_WARN_QUOTED_INCLUDE_IN_FRAMEWORK_HEADER = YES;
				CLANG_WARN_RANGE_LOOP_ANALYSIS = YES;
				CLANG_WARN_STRICT_PROTOTYPES = YES;
				CLANG_WARN_SUSPICIOUS_MOVE = YES;
				CLANG_WARN_UNGUARDED_AVAILABILITY = YES_AGGRESSIVE;
				CLANG_WARN_UNREACHABLE_CODE = YES;
				CLANG_WARN__DUPLICATE_METHOD_MATCH = YES;
				COPY_PHASE_STRIP = NO;
				DEBUG_INFORMATION_FORMAT = "dwarf-with-dsym";
				ENABLE_NS_ASSERTIONS = NO;
				ENABLE_STRICT_OBJC_MSGSEND = YES;
				GCC_C_LANGUAGE_STANDARD = gnu11;
				GCC_NO_COMMON_BLOCKS = YES;
				GCC_WARN_64_TO_32_BIT_CONVERSION = YES;
				GCC_WARN_ABOUT_RETURN_TYPE = YES_ERROR;
				GCC_WARN_UNDECLARED_SELECTOR = YES;
				GCC_WARN_UNINITIALIZED_AUTOS = YES_AGGRESSIVE;
				GCC_WARN_UNUSED_FUNCTION = YES;
				GCC_WARN_UNUSED_VARIABLE = YES;
				IPHONEOS_DEPLOYMENT_TARGET = 16.4;
				MTL_ENABLE_DEBUG_INFO = NO;
				MTL_FAST_MATH = YES;
				SDKROOT = iphoneos;
				SWIFT_COMPILATION_MODE = wholemodule;
				SWIFT_OPTIMIZATION_LEVEL = "-O";
				VALIDATE_PRODUCT = YES;
			};
			name = Release;
		};
		480BFBC52A67C514008C1971 /* Debug */ = {
			isa = XCBuildConfiguration;
			buildSettings = {
				ASSETCATALOG_COMPILER_APPICON_NAME = AppIcon;
				ASSETCATALOG_COMPILER_GLOBAL_ACCENT_COLOR_NAME = AccentColor;
				CODE_SIGN_STYLE = Automatic;
				CURRENT_PROJECT_VERSION = 1;
				DEVELOPMENT_TEAM = 2S9WHYP486;
				GENERATE_INFOPLIST_FILE = YES;
				INFOPLIST_FILE = 0719hw/Info.plist;
				INFOPLIST_KEY_UIApplicationSupportsIndirectInputEvents = YES;
				INFOPLIST_KEY_UILaunchStoryboardName = LaunchScreen;
				INFOPLIST_KEY_UIMainStoryboardFile = Main;
				INFOPLIST_KEY_UISupportedInterfaceOrientations_iPad = "UIInterfaceOrientationPortrait UIInterfaceOrientationPortraitUpsideDown UIInterfaceOrientationLandscapeLeft UIInterfaceOrientationLandscapeRight";
				INFOPLIST_KEY_UISupportedInterfaceOrientations_iPhone = "UIInterfaceOrientationPortrait UIInterfaceOrientationLandscapeLeft UIInterfaceOrientationLandscapeRight";
				IPHONEOS_DEPLOYMENT_TARGET = 15.2;
				LD_RUNPATH_SEARCH_PATHS = (
					"$(inherited)",
					"@executable_path/Frameworks",
				);
				MARKETING_VERSION = 1.0;
				PRODUCT_BUNDLE_IDENTIFIER = "com.noah.-719hw";
				PRODUCT_NAME = "$(TARGET_NAME)";
				SWIFT_EMIT_LOC_STRINGS = YES;
				SWIFT_VERSION = 5.0;
				TARGETED_DEVICE_FAMILY = "1,2";
			};
			name = Debug;
		};
		480BFBC62A67C514008C1971 /* Release */ = {
			isa = XCBuildConfiguration;
			buildSettings = {
				ASSETCATALOG_COMPILER_APPICON_NAME = AppIcon;
				ASSETCATALOG_COMPILER_GLOBAL_ACCENT_COLOR_NAME = AccentColor;
				CODE_SIGN_STYLE = Automatic;
				CURRENT_PROJECT_VERSION = 1;
				DEVELOPMENT_TEAM = 2S9WHYP486;
				GENERATE_INFOPLIST_FILE = YES;
				INFOPLIST_FILE = 0719hw/Info.plist;
				INFOPLIST_KEY_UIApplicationSupportsIndirectInputEvents = YES;
				INFOPLIST_KEY_UILaunchStoryboardName = LaunchScreen;
				INFOPLIST_KEY_UIMainStoryboardFile = Main;
				INFOPLIST_KEY_UISupportedInterfaceOrientations_iPad = "UIInterfaceOrientationPortrait UIInterfaceOrientationPortraitUpsideDown UIInterfaceOrientationLandscapeLeft UIInterfaceOrientationLandscapeRight";
				INFOPLIST_KEY_UISupportedInterfaceOrientations_iPhone = "UIInterfaceOrientationPortrait UIInterfaceOrientationLandscapeLeft UIInterfaceOrientationLandscapeRight";
				IPHONEOS_DEPLOYMENT_TARGET = 15.2;
				LD_RUNPATH_SEARCH_PATHS = (
					"$(inherited)",
					"@executable_path/Frameworks",
				);
				MARKETING_VERSION = 1.0;
				PRODUCT_BUNDLE_IDENTIFIER = "com.noah.-719hw";
				PRODUCT_NAME = "$(TARGET_NAME)";
				SWIFT_EMIT_LOC_STRINGS = YES;
				SWIFT_VERSION = 5.0;
				TARGETED_DEVICE_FAMILY = "1,2";
			};
			name = Release;
		};
/* End XCBuildConfiguration section */

/* Begin XCConfigurationList section */
		480BFBAB2A67C511008C1971 /* Build configuration list for PBXProject "0719hw" */ = {
			isa = XCConfigurationList;
			buildConfigurations = (
				480BFBC22A67C514008C1971 /* Debug */,
				480BFBC32A67C514008C1971 /* Release */,
			);
			defaultConfigurationIsVisible = 0;
			defaultConfigurationName = Release;
		};
		480BFBC42A67C514008C1971 /* Build configuration list for PBXNativeTarget "0719hw" */ = {
			isa = XCConfigurationList;
			buildConfigurations = (
				480BFBC52A67C514008C1971 /* Debug */,
				480BFBC62A67C514008C1971 /* Release */,
			);
			defaultConfigurationIsVisible = 0;
			defaultConfigurationName = Release;
		};
/* End XCConfigurationList section */
	};
	rootObject = 480BFBA82A67C511008C1971 /* Project object */;
}
