// !$*UTF8*$!
{
	archiveVersion = 1;
	classes = {
	};
	objectVersion = 56;
	objects = {

/* Begin PBXBuildFile section */
		486360972A861CF800AAE4FF /* AppDelegate.swift in Sources */ = {isa = PBXBuildFile; fileRef = 486360962A861CF800AAE4FF /* AppDelegate.swift */; };
		486360992A861CF800AAE4FF /* SceneDelegate.swift in Sources */ = {isa = PBXBuildFile; fileRef = 486360982A861CF800AAE4FF /* SceneDelegate.swift */; };
		4863609B2A861CF800AAE4FF /* ViewController.swift in Sources */ = {isa = PBXBuildFile; fileRef = 4863609A2A861CF800AAE4FF /* ViewController.swift */; };
		4863609E2A861CF800AAE4FF /* Main.storyboard in Resources */ = {isa = PBXBuildFile; fileRef = 4863609C2A861CF800AAE4FF /* Main.storyboard */; };
		486360A02A861CFA00AAE4FF /* Assets.xcassets in Resources */ = {isa = PBXBuildFile; fileRef = 4863609F2A861CFA00AAE4FF /* Assets.xcassets */; };
		486360A32A861CFA00AAE4FF /* LaunchScreen.storyboard in Resources */ = {isa = PBXBuildFile; fileRef = 486360A12A861CFA00AAE4FF /* LaunchScreen.storyboard */; };
		486360AB2A86202100AAE4FF /* MainViewController.swift in Sources */ = {isa = PBXBuildFile; fileRef = 486360AA2A86202100AAE4FF /* MainViewController.swift */; };
		486360AD2A86204600AAE4FF /* DetailViewController.swift in Sources */ = {isa = PBXBuildFile; fileRef = 486360AC2A86204600AAE4FF /* DetailViewController.swift */; };
		486360B02A86206B00AAE4FF /* MovieTableViewCell.swift in Sources */ = {isa = PBXBuildFile; fileRef = 486360AE2A86206B00AAE4FF /* MovieTableViewCell.swift */; };
		486360B12A86206B00AAE4FF /* MovieTableViewCell.xib in Resources */ = {isa = PBXBuildFile; fileRef = 486360AF2A86206B00AAE4FF /* MovieTableViewCell.xib */; };
		486360B32A86251A00AAE4FF /* .gitignore in Resources */ = {isa = PBXBuildFile; fileRef = 486360B22A86251A00AAE4FF /* .gitignore */; };
		486360B52A86253900AAE4FF /* APIKey.swift in Sources */ = {isa = PBXBuildFile; fileRef = 486360B42A86253900AAE4FF /* APIKey.swift */; };
		486360B82A86264200AAE4FF /* Alamofire in Frameworks */ = {isa = PBXBuildFile; productRef = 486360B72A86264200AAE4FF /* Alamofire */; };
		486360BB2A86264B00AAE4FF /* SwiftyJSON in Frameworks */ = {isa = PBXBuildFile; productRef = 486360BA2A86264B00AAE4FF /* SwiftyJSON */; };
		486360BD2A86292E00AAE4FF /* About.swift in Sources */ = {isa = PBXBuildFile; fileRef = 486360BC2A86292E00AAE4FF /* About.swift */; };
		486360C02A86512700AAE4FF /* Kingfisher in Frameworks */ = {isa = PBXBuildFile; productRef = 486360BF2A86512700AAE4FF /* Kingfisher */; };
		486360C22A86573000AAE4FF /* APIManager.swift in Sources */ = {isa = PBXBuildFile; fileRef = 486360C12A86573000AAE4FF /* APIManager.swift */; };
		486360C42A86595A00AAE4FF /* URL+Extension.swift in Sources */ = {isa = PBXBuildFile; fileRef = 486360C32A86595A00AAE4FF /* URL+Extension.swift */; };
		48A52BB82A8A4F0B00E0E09D /* Struct.swift in Sources */ = {isa = PBXBuildFile; fileRef = 48A52BB72A8A4F0B00E0E09D /* Struct.swift */; };
/* End PBXBuildFile section */

/* Begin PBXFileReference section */
		486360932A861CF800AAE4FF /* 0811hw.app */ = {isa = PBXFileReference; explicitFileType = wrapper.application; includeInIndex = 0; path = 0811hw.app; sourceTree = BUILT_PRODUCTS_DIR; };
		486360962A861CF800AAE4FF /* AppDelegate.swift */ = {isa = PBXFileReference; lastKnownFileType = sourcecode.swift; path = AppDelegate.swift; sourceTree = "<group>"; };
		486360982A861CF800AAE4FF /* SceneDelegate.swift */ = {isa = PBXFileReference; lastKnownFileType = sourcecode.swift; path = SceneDelegate.swift; sourceTree = "<group>"; };
		4863609A2A861CF800AAE4FF /* ViewController.swift */ = {isa = PBXFileReference; lastKnownFileType = sourcecode.swift; path = ViewController.swift; sourceTree = "<group>"; };
		4863609D2A861CF800AAE4FF /* Base */ = {isa = PBXFileReference; lastKnownFileType = file.storyboard; name = Base; path = Base.lproj/Main.storyboard; sourceTree = "<group>"; };
		4863609F2A861CFA00AAE4FF /* Assets.xcassets */ = {isa = PBXFileReference; lastKnownFileType = folder.assetcatalog; path = Assets.xcassets; sourceTree = "<group>"; };
		486360A22A861CFA00AAE4FF /* Base */ = {isa = PBXFileReference; lastKnownFileType = file.storyboard; name = Base; path = Base.lproj/LaunchScreen.storyboard; sourceTree = "<group>"; };
		486360A42A861CFA00AAE4FF /* Info.plist */ = {isa = PBXFileReference; lastKnownFileType = text.plist.xml; path = Info.plist; sourceTree = "<group>"; };
		486360AA2A86202100AAE4FF /* MainViewController.swift */ = {isa = PBXFileReference; lastKnownFileType = sourcecode.swift; path = MainViewController.swift; sourceTree = "<group>"; };
		486360AC2A86204600AAE4FF /* DetailViewController.swift */ = {isa = PBXFileReference; lastKnownFileType = sourcecode.swift; path = DetailViewController.swift; sourceTree = "<group>"; };
		486360AE2A86206B00AAE4FF /* MovieTableViewCell.swift */ = {isa = PBXFileReference; lastKnownFileType = sourcecode.swift; path = MovieTableViewCell.swift; sourceTree = "<group>"; };
		486360AF2A86206B00AAE4FF /* MovieTableViewCell.xib */ = {isa = PBXFileReference; lastKnownFileType = file.xib; path = MovieTableViewCell.xib; sourceTree = "<group>"; };
		486360B22A86251A00AAE4FF /* .gitignore */ = {isa = PBXFileReference; lastKnownFileType = text; path = .gitignore; sourceTree = "<group>"; };
		486360B42A86253900AAE4FF /* APIKey.swift */ = {isa = PBXFileReference; lastKnownFileType = sourcecode.swift; path = APIKey.swift; sourceTree = "<group>"; };
		486360BC2A86292E00AAE4FF /* About.swift */ = {isa = PBXFileReference; lastKnownFileType = sourcecode.swift; path = About.swift; sourceTree = "<group>"; };
		486360C12A86573000AAE4FF /* APIManager.swift */ = {isa = PBXFileReference; lastKnownFileType = sourcecode.swift; path = APIManager.swift; sourceTree = "<group>"; };
		486360C32A86595A00AAE4FF /* URL+Extension.swift */ = {isa = PBXFileReference; lastKnownFileType = sourcecode.swift; path = "URL+Extension.swift"; sourceTree = "<group>"; };
		48A52BB72A8A4F0B00E0E09D /* Struct.swift */ = {isa = PBXFileReference; lastKnownFileType = sourcecode.swift; path = Struct.swift; sourceTree = "<group>"; };
/* End PBXFileReference section */

/* Begin PBXFrameworksBuildPhase section */
		486360902A861CF800AAE4FF /* Frameworks */ = {
			isa = PBXFrameworksBuildPhase;
			buildActionMask = 2147483647;
			files = (
				486360C02A86512700AAE4FF /* Kingfisher in Frameworks */,
				486360BB2A86264B00AAE4FF /* SwiftyJSON in Frameworks */,
				486360B82A86264200AAE4FF /* Alamofire in Frameworks */,
			);
			runOnlyForDeploymentPostprocessing = 0;
		};
/* End PBXFrameworksBuildPhase section */

/* Begin PBXGroup section */
		4863608A2A861CF800AAE4FF = {
			isa = PBXGroup;
			children = (
				486360952A861CF800AAE4FF /* 0811hw */,
				486360942A861CF800AAE4FF /* Products */,
			);
			sourceTree = "<group>";
		};
		486360942A861CF800AAE4FF /* Products */ = {
			isa = PBXGroup;
			children = (
				486360932A861CF800AAE4FF /* 0811hw.app */,
			);
			name = Products;
			sourceTree = "<group>";
		};
		486360952A861CF800AAE4FF /* 0811hw */ = {
			isa = PBXGroup;
			children = (
				486360BC2A86292E00AAE4FF /* About.swift */,
				486360962A861CF800AAE4FF /* AppDelegate.swift */,
				486360982A861CF800AAE4FF /* SceneDelegate.swift */,
				4863609A2A861CF800AAE4FF /* ViewController.swift */,
				4863609C2A861CF800AAE4FF /* Main.storyboard */,
				486360AE2A86206B00AAE4FF /* MovieTableViewCell.swift */,
				486360AF2A86206B00AAE4FF /* MovieTableViewCell.xib */,
				486360AC2A86204600AAE4FF /* DetailViewController.swift */,
				486360C12A86573000AAE4FF /* APIManager.swift */,
				48A52BB72A8A4F0B00E0E09D /* Struct.swift */,
				486360C32A86595A00AAE4FF /* URL+Extension.swift */,
				486360AA2A86202100AAE4FF /* MainViewController.swift */,
				486360B22A86251A00AAE4FF /* .gitignore */,
				486360B42A86253900AAE4FF /* APIKey.swift */,
				4863609F2A861CFA00AAE4FF /* Assets.xcassets */,
				486360A12A861CFA00AAE4FF /* LaunchScreen.storyboard */,
				486360A42A861CFA00AAE4FF /* Info.plist */,
			);
			path = 0811hw;
			sourceTree = "<group>";
		};
/* End PBXGroup section */

/* Begin PBXNativeTarget section */
		486360922A861CF800AAE4FF /* 0811hw */ = {
			isa = PBXNativeTarget;
			buildConfigurationList = 486360A72A861CFA00AAE4FF /* Build configuration list for PBXNativeTarget "0811hw" */;
			buildPhases = (
				4863608F2A861CF800AAE4FF /* Sources */,
				486360902A861CF800AAE4FF /* Frameworks */,
				486360912A861CF800AAE4FF /* Resources */,
			);
			buildRules = (
			);
			dependencies = (
			);
			name = 0811hw;
			packageProductDependencies = (
				486360B72A86264200AAE4FF /* Alamofire */,
				486360BA2A86264B00AAE4FF /* SwiftyJSON */,
				486360BF2A86512700AAE4FF /* Kingfisher */,
			);
			productName = 0811hw;
			productReference = 486360932A861CF800AAE4FF /* 0811hw.app */;
			productType = "com.apple.product-type.application";
		};
/* End PBXNativeTarget section */

/* Begin PBXProject section */
		4863608B2A861CF800AAE4FF /* Project object */ = {
			isa = PBXProject;
			attributes = {
				BuildIndependentTargetsInParallel = 1;
				LastSwiftUpdateCheck = 1430;
				LastUpgradeCheck = 1430;
				TargetAttributes = {
					486360922A861CF800AAE4FF = {
						CreatedOnToolsVersion = 14.3.1;
					};
				};
			};
			buildConfigurationList = 4863608E2A861CF800AAE4FF /* Build configuration list for PBXProject "0811hw" */;
			compatibilityVersion = "Xcode 14.0";
			developmentRegion = en;
			hasScannedForEncodings = 0;
			knownRegions = (
				en,
				Base,
			);
			mainGroup = 4863608A2A861CF800AAE4FF;
			packageReferences = (
				486360B62A86264200AAE4FF /* XCRemoteSwiftPackageReference "Alamofire" */,
				486360B92A86264B00AAE4FF /* XCRemoteSwiftPackageReference "SwiftyJSON" */,
				486360BE2A86512700AAE4FF /* XCRemoteSwiftPackageReference "Kingfisher" */,
			);
			productRefGroup = 486360942A861CF800AAE4FF /* Products */;
			projectDirPath = "";
			projectRoot = "";
			targets = (
				486360922A861CF800AAE4FF /* 0811hw */,
			);
		};
/* End PBXProject section */

/* Begin PBXResourcesBuildPhase section */
		486360912A861CF800AAE4FF /* Resources */ = {
			isa = PBXResourcesBuildPhase;
			buildActionMask = 2147483647;
			files = (
				486360B32A86251A00AAE4FF /* .gitignore in Resources */,
				486360A32A861CFA00AAE4FF /* LaunchScreen.storyboard in Resources */,
				486360A02A861CFA00AAE4FF /* Assets.xcassets in Resources */,
				486360B12A86206B00AAE4FF /* MovieTableViewCell.xib in Resources */,
				4863609E2A861CF800AAE4FF /* Main.storyboard in Resources */,
			);
			runOnlyForDeploymentPostprocessing = 0;
		};
/* End PBXResourcesBuildPhase section */

/* Begin PBXSourcesBuildPhase section */
		4863608F2A861CF800AAE4FF /* Sources */ = {
			isa = PBXSourcesBuildPhase;
			buildActionMask = 2147483647;
			files = (
				4863609B2A861CF800AAE4FF /* ViewController.swift in Sources */,
				486360BD2A86292E00AAE4FF /* About.swift in Sources */,
				486360B52A86253900AAE4FF /* APIKey.swift in Sources */,
				486360C42A86595A00AAE4FF /* URL+Extension.swift in Sources */,
				486360C22A86573000AAE4FF /* APIManager.swift in Sources */,
				486360972A861CF800AAE4FF /* AppDelegate.swift in Sources */,
				486360B02A86206B00AAE4FF /* MovieTableViewCell.swift in Sources */,
				486360AD2A86204600AAE4FF /* DetailViewController.swift in Sources */,
				486360992A861CF800AAE4FF /* SceneDelegate.swift in Sources */,
				486360AB2A86202100AAE4FF /* MainViewController.swift in Sources */,
				48A52BB82A8A4F0B00E0E09D /* Struct.swift in Sources */,
			);
			runOnlyForDeploymentPostprocessing = 0;
		};
/* End PBXSourcesBuildPhase section */

/* Begin PBXVariantGroup section */
		4863609C2A861CF800AAE4FF /* Main.storyboard */ = {
			isa = PBXVariantGroup;
			children = (
				4863609D2A861CF800AAE4FF /* Base */,
			);
			name = Main.storyboard;
			sourceTree = "<group>";
		};
		486360A12A861CFA00AAE4FF /* LaunchScreen.storyboard */ = {
			isa = PBXVariantGroup;
			children = (
				486360A22A861CFA00AAE4FF /* Base */,
			);
			name = LaunchScreen.storyboard;
			sourceTree = "<group>";
		};
/* End PBXVariantGroup section */

/* Begin XCBuildConfiguration section */
		486360A52A861CFA00AAE4FF /* Debug */ = {
			isa = XCBuildConfiguration;
			buildSettings = {
				ALWAYS_SEARCH_USER_PATHS = NO;
				CLANG_ANALYZER_NONNULL = YES;
				CLANG_ANALYZER_NUMBER_OBJECT_CONVERSION = YES_AGGRESSIVE;
				CLANG_CXX_LANGUAGE_STANDARD = "gnu++20";
				CLANG_ENABLE_MODULES = YES;
				CLANG_ENABLE_OBJC_ARC = YES;
				CLANG_ENABLE_OBJC_WEAK = YES;
				CLANG_WARN_BLOCK_CAPTURE_AUTORELEASING = YES;
				CLANG_WARN_BOOL_CONVERSION = YES;
				CLANG_WARN_COMMA = YES;
				CLANG_WARN_CONSTANT_CONVERSION = YES;
				CLANG_WARN_DEPRECATED_OBJC_IMPLEMENTATIONS = YES;
				CLANG_WARN_DIRECT_OBJC_ISA_USAGE = YES_ERROR;
				CLANG_WARN_DOCUMENTATION_COMMENTS = YES;
				CLANG_WARN_EMPTY_BODY = YES;
				CLANG_WARN_ENUM_CONVERSION = YES;
				CLANG_WARN_INFINITE_RECURSION = YES;
				CLANG_WARN_INT_CONVERSION = YES;
				CLANG_WARN_NON_LITERAL_NULL_CONVERSION = YES;
				CLANG_WARN_OBJC_IMPLICIT_RETAIN_SELF = YES;
				CLANG_WARN_OBJC_LITERAL_CONVERSION = YES;
				CLANG_WARN_OBJC_ROOT_CLASS = YES_ERROR;
				CLANG_WARN_QUOTED_INCLUDE_IN_FRAMEWORK_HEADER = YES;
				CLANG_WARN_RANGE_LOOP_ANALYSIS = YES;
				CLANG_WARN_STRICT_PROTOTYPES = YES;
				CLANG_WARN_SUSPICIOUS_MOVE = YES;
				CLANG_WARN_UNGUARDED_AVAILABILITY = YES_AGGRESSIVE;
				CLANG_WARN_UNREACHABLE_CODE = YES;
				CLANG_WARN__DUPLICATE_METHOD_MATCH = YES;
				COPY_PHASE_STRIP = NO;
				DEBUG_INFORMATION_FORMAT = dwarf;
				ENABLE_STRICT_OBJC_MSGSEND = YES;
				ENABLE_TESTABILITY = YES;
				GCC_C_LANGUAGE_STANDARD = gnu11;
				GCC_DYNAMIC_NO_PIC = NO;
				GCC_NO_COMMON_BLOCKS = YES;
				GCC_OPTIMIZATION_LEVEL = 0;
				GCC_PREPROCESSOR_DEFINITIONS = (
					"DEBUG=1",
					"$(inherited)",
				);
				GCC_WARN_64_TO_32_BIT_CONVERSION = YES;
				GCC_WARN_ABOUT_RETURN_TYPE = YES_ERROR;
				GCC_WARN_UNDECLARED_SELECTOR = YES;
				GCC_WARN_UNINITIALIZED_AUTOS = YES_AGGRESSIVE;
				GCC_WARN_UNUSED_FUNCTION = YES;
				GCC_WARN_UNUSED_VARIABLE = YES;
				IPHONEOS_DEPLOYMENT_TARGET = 16.4;
				MTL_ENABLE_DEBUG_INFO = INCLUDE_SOURCE;
				MTL_FAST_MATH = YES;
				ONLY_ACTIVE_ARCH = YES;
				SDKROOT = iphoneos;
				SWIFT_ACTIVE_COMPILATION_CONDITIONS = DEBUG;
				SWIFT_OPTIMIZATION_LEVEL = "-Onone";
			};
			name = Debug;
		};
		486360A62A861CFA00AAE4FF /* Release */ = {
			isa = XCBuildConfiguration;
			buildSettings = {
				ALWAYS_SEARCH_USER_PATHS = NO;
				CLANG_ANALYZER_NONNULL = YES;
				CLANG_ANALYZER_NUMBER_OBJECT_CONVERSION = YES_AGGRESSIVE;
				CLANG_CXX_LANGUAGE_STANDARD = "gnu++20";
				CLANG_ENABLE_MODULES = YES;
				CLANG_ENABLE_OBJC_ARC = YES;
				CLANG_ENABLE_OBJC_WEAK = YES;
				CLANG_WARN_BLOCK_CAPTURE_AUTORELEASING = YES;
				CLANG_WARN_BOOL_CONVERSION = YES;
				CLANG_WARN_COMMA = YES;
				CLANG_WARN_CONSTANT_CONVERSION = YES;
				CLANG_WARN_DEPRECATED_OBJC_IMPLEMENTATIONS = YES;
				CLANG_WARN_DIRECT_OBJC_ISA_USAGE = YES_ERROR;
				CLANG_WARN_DOCUMENTATION_COMMENTS = YES;
				CLANG_WARN_EMPTY_BODY = YES;
				CLANG_WARN_ENUM_CONVERSION = YES;
				CLANG_WARN_INFINITE_RECURSION = YES;
				CLANG_WARN_INT_CONVERSION = YES;
				CLANG_WARN_NON_LITERAL_NULL_CONVERSION = YES;
				CLANG_WARN_OBJC_IMPLICIT_RETAIN_SELF = YES;
				CLANG_WARN_OBJC_LITERAL_CONVERSION = YES;
				CLANG_WARN_OBJC_ROOT_CLASS = YES_ERROR;
				CLANG_WARN_QUOTED_INCLUDE_IN_FRAMEWORK_HEADER = YES;
				CLANG_WARN_RANGE_LOOP_ANALYSIS = YES;
				CLANG_WARN_STRICT_PROTOTYPES = YES;
				CLANG_WARN_SUSPICIOUS_MOVE = YES;
				CLANG_WARN_UNGUARDED_AVAILABILITY = YES_AGGRESSIVE;
				CLANG_WARN_UNREACHABLE_CODE = YES;
				CLANG_WARN__DUPLICATE_METHOD_MATCH = YES;
				COPY_PHASE_STRIP = NO;
				DEBUG_INFORMATION_FORMAT = "dwarf-with-dsym";
				ENABLE_NS_ASSERTIONS = NO;
				ENABLE_STRICT_OBJC_MSGSEND = YES;
				GCC_C_LANGUAGE_STANDARD = gnu11;
				GCC_NO_COMMON_BLOCKS = YES;
				GCC_WARN_64_TO_32_BIT_CONVERSION = YES;
				GCC_WARN_ABOUT_RETURN_TYPE = YES_ERROR;
				GCC_WARN_UNDECLARED_SELECTOR = YES;
				GCC_WARN_UNINITIALIZED_AUTOS = YES_AGGRESSIVE;
				GCC_WARN_UNUSED_FUNCTION = YES;
				GCC_WARN_UNUSED_VARIABLE = YES;
				IPHONEOS_DEPLOYMENT_TARGET = 16.4;
				MTL_ENABLE_DEBUG_INFO = NO;
				MTL_FAST_MATH = YES;
				SDKROOT = iphoneos;
				SWIFT_COMPILATION_MODE = wholemodule;
				SWIFT_OPTIMIZATION_LEVEL = "-O";
				VALIDATE_PRODUCT = YES;
			};
			name = Release;
		};
		486360A82A861CFA00AAE4FF /* Debug */ = {
			isa = XCBuildConfiguration;
			buildSettings = {
				ASSETCATALOG_COMPILER_APPICON_NAME = AppIcon;
				ASSETCATALOG_COMPILER_GLOBAL_ACCENT_COLOR_NAME = AccentColor;
				CODE_SIGN_STYLE = Automatic;
				CURRENT_PROJECT_VERSION = 1;
				DEVELOPMENT_TEAM = 2S9WHYP486;
				GENERATE_INFOPLIST_FILE = YES;
				INFOPLIST_FILE = 0811hw/Info.plist;
				INFOPLIST_KEY_UIApplicationSupportsIndirectInputEvents = YES;
				INFOPLIST_KEY_UILaunchStoryboardName = LaunchScreen;
				INFOPLIST_KEY_UIMainStoryboardFile = Main;
				INFOPLIST_KEY_UISupportedInterfaceOrientations_iPad = "UIInterfaceOrientationPortrait UIInterfaceOrientationPortraitUpsideDown UIInterfaceOrientationLandscapeLeft UIInterfaceOrientationLandscapeRight";
				INFOPLIST_KEY_UISupportedInterfaceOrientations_iPhone = "UIInterfaceOrientationPortrait UIInterfaceOrientationLandscapeLeft UIInterfaceOrientationLandscapeRight";
				IPHONEOS_DEPLOYMENT_TARGET = 15.5;
				LD_RUNPATH_SEARCH_PATHS = (
					"$(inherited)",
					"@executable_path/Frameworks",
				);
				MARKETING_VERSION = 1.0;
				PRODUCT_BUNDLE_IDENTIFIER = "com.noah.-721hw";
				PRODUCT_NAME = "$(TARGET_NAME)";
				SWIFT_EMIT_LOC_STRINGS = YES;
				SWIFT_VERSION = 5.0;
				TARGETED_DEVICE_FAMILY = "1,2";
			};
			name = Debug;
		};
		486360A92A861CFA00AAE4FF /* Release */ = {
			isa = XCBuildConfiguration;
			buildSettings = {
				ASSETCATALOG_COMPILER_APPICON_NAME = AppIcon;
				ASSETCATALOG_COMPILER_GLOBAL_ACCENT_COLOR_NAME = AccentColor;
				CODE_SIGN_STYLE = Automatic;
				CURRENT_PROJECT_VERSION = 1;
				DEVELOPMENT_TEAM = 2S9WHYP486;
				GENERATE_INFOPLIST_FILE = YES;
				INFOPLIST_FILE = 0811hw/Info.plist;
				INFOPLIST_KEY_UIApplicationSupportsIndirectInputEvents = YES;
				INFOPLIST_KEY_UILaunchStoryboardName = LaunchScreen;
				INFOPLIST_KEY_UIMainStoryboardFile = Main;
				INFOPLIST_KEY_UISupportedInterfaceOrientations_iPad = "UIInterfaceOrientationPortrait UIInterfaceOrientationPortraitUpsideDown UIInterfaceOrientationLandscapeLeft UIInterfaceOrientationLandscapeRight";
				INFOPLIST_KEY_UISupportedInterfaceOrientations_iPhone = "UIInterfaceOrientationPortrait UIInterfaceOrientationLandscapeLeft UIInterfaceOrientationLandscapeRight";
				IPHONEOS_DEPLOYMENT_TARGET = 15.5;
				LD_RUNPATH_SEARCH_PATHS = (
					"$(inherited)",
					"@executable_path/Frameworks",
				);
				MARKETING_VERSION = 1.0;
				PRODUCT_BUNDLE_IDENTIFIER = "com.noah.-721hw";
				PRODUCT_NAME = "$(TARGET_NAME)";
				SWIFT_EMIT_LOC_STRINGS = YES;
				SWIFT_VERSION = 5.0;
				TARGETED_DEVICE_FAMILY = "1,2";
			};
			name = Release;
		};
/* End XCBuildConfiguration section */

/* Begin XCConfigurationList section */
		4863608E2A861CF800AAE4FF /* Build configuration list for PBXProject "0811hw" */ = {
			isa = XCConfigurationList;
			buildConfigurations = (
				486360A52A861CFA00AAE4FF /* Debug */,
				486360A62A861CFA00AAE4FF /* Release */,
			);
			defaultConfigurationIsVisible = 0;
			defaultConfigurationName = Release;
		};
		486360A72A861CFA00AAE4FF /* Build configuration list for PBXNativeTarget "0811hw" */ = {
			isa = XCConfigurationList;
			buildConfigurations = (
				486360A82A861CFA00AAE4FF /* Debug */,
				486360A92A861CFA00AAE4FF /* Release */,
			);
			defaultConfigurationIsVisible = 0;
			defaultConfigurationName = Release;
		};
/* End XCConfigurationList section */

/* Begin XCRemoteSwiftPackageReference section */
		486360B62A86264200AAE4FF /* XCRemoteSwiftPackageReference "Alamofire" */ = {
			isa = XCRemoteSwiftPackageReference;
			repositoryURL = "https://github.com/Alamofire/Alamofire";
			requirement = {
				kind = upToNextMajorVersion;
				minimumVersion = 5.0.0;
			};
		};
		486360B92A86264B00AAE4FF /* XCRemoteSwiftPackageReference "SwiftyJSON" */ = {
			isa = XCRemoteSwiftPackageReference;
			repositoryURL = "https://github.com/SwiftyJSON/SwiftyJSON";
			requirement = {
				kind = upToNextMajorVersion;
				minimumVersion = 5.0.0;
			};
		};
		486360BE2A86512700AAE4FF /* XCRemoteSwiftPackageReference "Kingfisher" */ = {
			isa = XCRemoteSwiftPackageReference;
			repositoryURL = "https://github.com/onevcat/Kingfisher";
			requirement = {
				kind = upToNextMajorVersion;
				minimumVersion = 7.0.0;
			};
		};
/* End XCRemoteSwiftPackageReference section */

/* Begin XCSwiftPackageProductDependency section */
		486360B72A86264200AAE4FF /* Alamofire */ = {
			isa = XCSwiftPackageProductDependency;
			package = 486360B62A86264200AAE4FF /* XCRemoteSwiftPackageReference "Alamofire" */;
			productName = Alamofire;
		};
		486360BA2A86264B00AAE4FF /* SwiftyJSON */ = {
			isa = XCSwiftPackageProductDependency;
			package = 486360B92A86264B00AAE4FF /* XCRemoteSwiftPackageReference "SwiftyJSON" */;
			productName = SwiftyJSON;
		};
		486360BF2A86512700AAE4FF /* Kingfisher */ = {
			isa = XCSwiftPackageProductDependency;
			package = 486360BE2A86512700AAE4FF /* XCRemoteSwiftPackageReference "Kingfisher" */;
			productName = Kingfisher;
		};
/* End XCSwiftPackageProductDependency section */
	};
	rootObject = 4863608B2A861CF800AAE4FF /* Project object */;
}
