// !$*UTF8*$!
{
	archiveVersion = 1;
	classes = {
	};
	objectVersion = 56;
	objects = {

/* Begin PBXBuildFile section */
		480565702A8CB9370071344D /* SwiftyJSON in Frameworks */ = {isa = PBXBuildFile; productRef = 4805656F2A8CB9370071344D /* SwiftyJSON */; };
		48534A672A8CAD5900A2649D /* AppDelegate.swift in Sources */ = {isa = PBXBuildFile; fileRef = 48534A662A8CAD5900A2649D /* AppDelegate.swift */; };
		48534A692A8CAD5900A2649D /* SceneDelegate.swift in Sources */ = {isa = PBXBuildFile; fileRef = 48534A682A8CAD5900A2649D /* SceneDelegate.swift */; };
		48534A6B2A8CAD5900A2649D /* ViewController.swift in Sources */ = {isa = PBXBuildFile; fileRef = 48534A6A2A8CAD5900A2649D /* ViewController.swift */; };
		48534A6E2A8CAD5900A2649D /* Main.storyboard in Resources */ = {isa = PBXBuildFile; fileRef = 48534A6C2A8CAD5900A2649D /* Main.storyboard */; };
		48534A702A8CAD5B00A2649D /* Assets.xcassets in Resources */ = {isa = PBXBuildFile; fileRef = 48534A6F2A8CAD5B00A2649D /* Assets.xcassets */; };
		48534A732A8CAD5B00A2649D /* LaunchScreen.storyboard in Resources */ = {isa = PBXBuildFile; fileRef = 48534A712A8CAD5B00A2649D /* LaunchScreen.storyboard */; };
		48534A7B2A8CADAD00A2649D /* VideoViewController.swift in Sources */ = {isa = PBXBuildFile; fileRef = 48534A7A2A8CADAD00A2649D /* VideoViewController.swift */; };
		48534A7E2A8CADF000A2649D /* VideoTableViewCell.swift in Sources */ = {isa = PBXBuildFile; fileRef = 48534A7C2A8CADF000A2649D /* VideoTableViewCell.swift */; };
		48534A7F2A8CADF000A2649D /* VideoTableViewCell.xib in Resources */ = {isa = PBXBuildFile; fileRef = 48534A7D2A8CADF000A2649D /* VideoTableViewCell.xib */; };
		48534A812A8CAEFF00A2649D /* About.swift in Sources */ = {isa = PBXBuildFile; fileRef = 48534A802A8CAEFF00A2649D /* About.swift */; };
		48534A832A8CAF1000A2649D /* .gitignore in Resources */ = {isa = PBXBuildFile; fileRef = 48534A822A8CAF1000A2649D /* .gitignore */; };
		48534A852A8CAF3400A2649D /* APIKey.swift in Sources */ = {isa = PBXBuildFile; fileRef = 48534A842A8CAF3400A2649D /* APIKey.swift */; };
		48534A872A8CB1B900A2649D /* EndPoint.swift in Sources */ = {isa = PBXBuildFile; fileRef = 48534A862A8CB1B900A2649D /* EndPoint.swift */; };
		48534A892A8CB1F000A2649D /* URL+Extension.swift in Sources */ = {isa = PBXBuildFile; fileRef = 48534A882A8CB1F000A2649D /* URL+Extension.swift */; };
		48534A8E2A8CB31100A2649D /* APIManager.swift in Sources */ = {isa = PBXBuildFile; fileRef = 48534A8D2A8CB31100A2649D /* APIManager.swift */; };
		48534A912A8CB34600A2649D /* Alamofire in Frameworks */ = {isa = PBXBuildFile; productRef = 48534A902A8CB34600A2649D /* Alamofire */; };
		48534A942A8CB35100A2649D /* Kingfisher in Frameworks */ = {isa = PBXBuildFile; productRef = 48534A932A8CB35100A2649D /* Kingfisher */; };
/* End PBXBuildFile section */

/* Begin PBXFileReference section */
		48534A632A8CAD5900A2649D /* 0816hw.app */ = {isa = PBXFileReference; explicitFileType = wrapper.application; includeInIndex = 0; path = 0816hw.app; sourceTree = BUILT_PRODUCTS_DIR; };
		48534A662A8CAD5900A2649D /* AppDelegate.swift */ = {isa = PBXFileReference; lastKnownFileType = sourcecode.swift; path = AppDelegate.swift; sourceTree = "<group>"; };
		48534A682A8CAD5900A2649D /* SceneDelegate.swift */ = {isa = PBXFileReference; lastKnownFileType = sourcecode.swift; path = SceneDelegate.swift; sourceTree = "<group>"; };
		48534A6A2A8CAD5900A2649D /* ViewController.swift */ = {isa = PBXFileReference; lastKnownFileType = sourcecode.swift; path = ViewController.swift; sourceTree = "<group>"; };
		48534A6D2A8CAD5900A2649D /* Base */ = {isa = PBXFileReference; lastKnownFileType = file.storyboard; name = Base; path = Base.lproj/Main.storyboard; sourceTree = "<group>"; };
		48534A6F2A8CAD5B00A2649D /* Assets.xcassets */ = {isa = PBXFileReference; lastKnownFileType = folder.assetcatalog; path = Assets.xcassets; sourceTree = "<group>"; };
		48534A722A8CAD5B00A2649D /* Base */ = {isa = PBXFileReference; lastKnownFileType = file.storyboard; name = Base; path = Base.lproj/LaunchScreen.storyboard; sourceTree = "<group>"; };
		48534A742A8CAD5B00A2649D /* Info.plist */ = {isa = PBXFileReference; lastKnownFileType = text.plist.xml; path = Info.plist; sourceTree = "<group>"; };
		48534A7A2A8CADAD00A2649D /* VideoViewController.swift */ = {isa = PBXFileReference; lastKnownFileType = sourcecode.swift; path = VideoViewController.swift; sourceTree = "<group>"; };
		48534A7C2A8CADF000A2649D /* VideoTableViewCell.swift */ = {isa = PBXFileReference; lastKnownFileType = sourcecode.swift; path = VideoTableViewCell.swift; sourceTree = "<group>"; };
		48534A7D2A8CADF000A2649D /* VideoTableViewCell.xib */ = {isa = PBXFileReference; lastKnownFileType = file.xib; path = VideoTableViewCell.xib; sourceTree = "<group>"; };
		48534A802A8CAEFF00A2649D /* About.swift */ = {isa = PBXFileReference; lastKnownFileType = sourcecode.swift; path = About.swift; sourceTree = "<group>"; };
		48534A822A8CAF1000A2649D /* .gitignore */ = {isa = PBXFileReference; lastKnownFileType = text; path = .gitignore; sourceTree = "<group>"; };
		48534A842A8CAF3400A2649D /* APIKey.swift */ = {isa = PBXFileReference; lastKnownFileType = sourcecode.swift; path = APIKey.swift; sourceTree = "<group>"; };
		48534A862A8CB1B900A2649D /* EndPoint.swift */ = {isa = PBXFileReference; lastKnownFileType = sourcecode.swift; path = EndPoint.swift; sourceTree = "<group>"; };
		48534A882A8CB1F000A2649D /* URL+Extension.swift */ = {isa = PBXFileReference; lastKnownFileType = sourcecode.swift; path = "URL+Extension.swift"; sourceTree = "<group>"; };
		48534A8D2A8CB31100A2649D /* APIManager.swift */ = {isa = PBXFileReference; lastKnownFileType = sourcecode.swift; path = APIManager.swift; sourceTree = "<group>"; };
/* End PBXFileReference section */

/* Begin PBXFrameworksBuildPhase section */
		48534A602A8CAD5900A2649D /* Frameworks */ = {
			isa = PBXFrameworksBuildPhase;
			buildActionMask = 2147483647;
			files = (
				480565702A8CB9370071344D /* SwiftyJSON in Frameworks */,
				48534A942A8CB35100A2649D /* Kingfisher in Frameworks */,
				48534A912A8CB34600A2649D /* Alamofire in Frameworks */,
			);
			runOnlyForDeploymentPostprocessing = 0;
		};
/* End PBXFrameworksBuildPhase section */

/* Begin PBXGroup section */
		48534A5A2A8CAD5900A2649D = {
			isa = PBXGroup;
			children = (
				48534A652A8CAD5900A2649D /* 0816hw */,
				48534A642A8CAD5900A2649D /* Products */,
			);
			sourceTree = "<group>";
		};
		48534A642A8CAD5900A2649D /* Products */ = {
			isa = PBXGroup;
			children = (
				48534A632A8CAD5900A2649D /* 0816hw.app */,
			);
			name = Products;
			sourceTree = "<group>";
		};
		48534A652A8CAD5900A2649D /* 0816hw */ = {
			isa = PBXGroup;
			children = (
				48534A8C2A8CB28800A2649D /* Basic */,
				48534A8B2A8CB26900A2649D /* KakaoVideo */,
				48534A8A2A8CB24000A2649D /* APIRequest */,
				48534A6F2A8CAD5B00A2649D /* Assets.xcassets */,
				48534A712A8CAD5B00A2649D /* LaunchScreen.storyboard */,
				48534A742A8CAD5B00A2649D /* Info.plist */,
			);
			path = 0816hw;
			sourceTree = "<group>";
		};
		48534A8A2A8CB24000A2649D /* APIRequest */ = {
			isa = PBXGroup;
			children = (
				48534A802A8CAEFF00A2649D /* About.swift */,
				48534A862A8CB1B900A2649D /* EndPoint.swift */,
				48534A882A8CB1F000A2649D /* URL+Extension.swift */,
				48534A822A8CAF1000A2649D /* .gitignore */,
				48534A842A8CAF3400A2649D /* APIKey.swift */,
				48534A8D2A8CB31100A2649D /* APIManager.swift */,
			);
			path = APIRequest;
			sourceTree = "<group>";
		};
		48534A8B2A8CB26900A2649D /* KakaoVideo */ = {
			isa = PBXGroup;
			children = (
				48534A6C2A8CAD5900A2649D /* Main.storyboard */,
				48534A7C2A8CADF000A2649D /* VideoTableViewCell.swift */,
				48534A7D2A8CADF000A2649D /* VideoTableViewCell.xib */,
				48534A7A2A8CADAD00A2649D /* VideoViewController.swift */,
			);
			path = KakaoVideo;
			sourceTree = "<group>";
		};
		48534A8C2A8CB28800A2649D /* Basic */ = {
			isa = PBXGroup;
			children = (
				48534A662A8CAD5900A2649D /* AppDelegate.swift */,
				48534A682A8CAD5900A2649D /* SceneDelegate.swift */,
				48534A6A2A8CAD5900A2649D /* ViewController.swift */,
			);
			path = Basic;
			sourceTree = "<group>";
		};
/* End PBXGroup section */

/* Begin PBXNativeTarget section */
		48534A622A8CAD5900A2649D /* 0816hw */ = {
			isa = PBXNativeTarget;
			buildConfigurationList = 48534A772A8CAD5B00A2649D /* Build configuration list for PBXNativeTarget "0816hw" */;
			buildPhases = (
				48534A5F2A8CAD5900A2649D /* Sources */,
				48534A602A8CAD5900A2649D /* Frameworks */,
				48534A612A8CAD5900A2649D /* Resources */,
			);
			buildRules = (
			);
			dependencies = (
			);
			name = 0816hw;
			packageProductDependencies = (
				48534A902A8CB34600A2649D /* Alamofire */,
				48534A932A8CB35100A2649D /* Kingfisher */,
				4805656F2A8CB9370071344D /* SwiftyJSON */,
			);
			productName = 0816hw;
			productReference = 48534A632A8CAD5900A2649D /* 0816hw.app */;
			productType = "com.apple.product-type.application";
		};
/* End PBXNativeTarget section */

/* Begin PBXProject section */
		48534A5B2A8CAD5900A2649D /* Project object */ = {
			isa = PBXProject;
			attributes = {
				BuildIndependentTargetsInParallel = 1;
				LastSwiftUpdateCheck = 1430;
				LastUpgradeCheck = 1430;
				TargetAttributes = {
					48534A622A8CAD5900A2649D = {
						CreatedOnToolsVersion = 14.3.1;
					};
				};
			};
			buildConfigurationList = 48534A5E2A8CAD5900A2649D /* Build configuration list for PBXProject "0816hw" */;
			compatibilityVersion = "Xcode 14.0";
			developmentRegion = en;
			hasScannedForEncodings = 0;
			knownRegions = (
				en,
				Base,
			);
			mainGroup = 48534A5A2A8CAD5900A2649D;
			packageReferences = (
				48534A8F2A8CB34600A2649D /* XCRemoteSwiftPackageReference "Alamofire" */,
				48534A922A8CB35100A2649D /* XCRemoteSwiftPackageReference "Kingfisher" */,
				4805656E2A8CB9370071344D /* XCRemoteSwiftPackageReference "SwiftyJSON" */,
			);
			productRefGroup = 48534A642A8CAD5900A2649D /* Products */;
			projectDirPath = "";
			projectRoot = "";
			targets = (
				48534A622A8CAD5900A2649D /* 0816hw */,
			);
		};
/* End PBXProject section */

/* Begin PBXResourcesBuildPhase section */
		48534A612A8CAD5900A2649D /* Resources */ = {
			isa = PBXResourcesBuildPhase;
			buildActionMask = 2147483647;
			files = (
				48534A832A8CAF1000A2649D /* .gitignore in Resources */,
				48534A732A8CAD5B00A2649D /* LaunchScreen.storyboard in Resources */,
				48534A7F2A8CADF000A2649D /* VideoTableViewCell.xib in Resources */,
				48534A702A8CAD5B00A2649D /* Assets.xcassets in Resources */,
				48534A6E2A8CAD5900A2649D /* Main.storyboard in Resources */,
			);
			runOnlyForDeploymentPostprocessing = 0;
		};
/* End PBXResourcesBuildPhase section */

/* Begin PBXSourcesBuildPhase section */
		48534A5F2A8CAD5900A2649D /* Sources */ = {
			isa = PBXSourcesBuildPhase;
			buildActionMask = 2147483647;
			files = (
				48534A6B2A8CAD5900A2649D /* ViewController.swift in Sources */,
				48534A852A8CAF3400A2649D /* APIKey.swift in Sources */,
				48534A8E2A8CB31100A2649D /* APIManager.swift in Sources */,
				48534A872A8CB1B900A2649D /* EndPoint.swift in Sources */,
				48534A812A8CAEFF00A2649D /* About.swift in Sources */,
				48534A672A8CAD5900A2649D /* AppDelegate.swift in Sources */,
				48534A892A8CB1F000A2649D /* URL+Extension.swift in Sources */,
				48534A7B2A8CADAD00A2649D /* VideoViewController.swift in Sources */,
				48534A692A8CAD5900A2649D /* SceneDelegate.swift in Sources */,
				48534A7E2A8CADF000A2649D /* VideoTableViewCell.swift in Sources */,
			);
			runOnlyForDeploymentPostprocessing = 0;
		};
/* End PBXSourcesBuildPhase section */

/* Begin PBXVariantGroup section */
		48534A6C2A8CAD5900A2649D /* Main.storyboard */ = {
			isa = PBXVariantGroup;
			children = (
				48534A6D2A8CAD5900A2649D /* Base */,
			);
			name = Main.storyboard;
			sourceTree = "<group>";
		};
		48534A712A8CAD5B00A2649D /* LaunchScreen.storyboard */ = {
			isa = PBXVariantGroup;
			children = (
				48534A722A8CAD5B00A2649D /* Base */,
			);
			name = LaunchScreen.storyboard;
			sourceTree = "<group>";
		};
/* End PBXVariantGroup section */

/* Begin XCBuildConfiguration section */
		48534A752A8CAD5B00A2649D /* Debug */ = {
			isa = XCBuildConfiguration;
			buildSettings = {
				ALWAYS_SEARCH_USER_PATHS = NO;
				CLANG_ANALYZER_NONNULL = YES;
				CLANG_ANALYZER_NUMBER_OBJECT_CONVERSION = YES_AGGRESSIVE;
				CLANG_CXX_LANGUAGE_STANDARD = "gnu++20";
				CLANG_ENABLE_MODULES = YES;
				CLANG_ENABLE_OBJC_ARC = YES;
				CLANG_ENABLE_OBJC_WEAK = YES;
				CLANG_WARN_BLOCK_CAPTURE_AUTORELEASING = YES;
				CLANG_WARN_BOOL_CONVERSION = YES;
				CLANG_WARN_COMMA = YES;
				CLANG_WARN_CONSTANT_CONVERSION = YES;
				CLANG_WARN_DEPRECATED_OBJC_IMPLEMENTATIONS = YES;
				CLANG_WARN_DIRECT_OBJC_ISA_USAGE = YES_ERROR;
				CLANG_WARN_DOCUMENTATION_COMMENTS = YES;
				CLANG_WARN_EMPTY_BODY = YES;
				CLANG_WARN_ENUM_CONVERSION = YES;
				CLANG_WARN_INFINITE_RECURSION = YES;
				CLANG_WARN_INT_CONVERSION = YES;
				CLANG_WARN_NON_LITERAL_NULL_CONVERSION = YES;
				CLANG_WARN_OBJC_IMPLICIT_RETAIN_SELF = YES;
				CLANG_WARN_OBJC_LITERAL_CONVERSION = YES;
				CLANG_WARN_OBJC_ROOT_CLASS = YES_ERROR;
				CLANG_WARN_QUOTED_INCLUDE_IN_FRAMEWORK_HEADER = YES;
				CLANG_WARN_RANGE_LOOP_ANALYSIS = YES;
				CLANG_WARN_STRICT_PROTOTYPES = YES;
				CLANG_WARN_SUSPICIOUS_MOVE = YES;
				CLANG_WARN_UNGUARDED_AVAILABILITY = YES_AGGRESSIVE;
				CLANG_WARN_UNREACHABLE_CODE = YES;
				CLANG_WARN__DUPLICATE_METHOD_MATCH = YES;
				COPY_PHASE_STRIP = NO;
				DEBUG_INFORMATION_FORMAT = dwarf;
				ENABLE_STRICT_OBJC_MSGSEND = YES;
				ENABLE_TESTABILITY = YES;
				GCC_C_LANGUAGE_STANDARD = gnu11;
				GCC_DYNAMIC_NO_PIC = NO;
				GCC_NO_COMMON_BLOCKS = YES;
				GCC_OPTIMIZATION_LEVEL = 0;
				GCC_PREPROCESSOR_DEFINITIONS = (
					"DEBUG=1",
					"$(inherited)",
				);
				GCC_WARN_64_TO_32_BIT_CONVERSION = YES;
				GCC_WARN_ABOUT_RETURN_TYPE = YES_ERROR;
				GCC_WARN_UNDECLARED_SELECTOR = YES;
				GCC_WARN_UNINITIALIZED_AUTOS = YES_AGGRESSIVE;
				GCC_WARN_UNUSED_FUNCTION = YES;
				GCC_WARN_UNUSED_VARIABLE = YES;
				IPHONEOS_DEPLOYMENT_TARGET = 16.4;
				MTL_ENABLE_DEBUG_INFO = INCLUDE_SOURCE;
				MTL_FAST_MATH = YES;
				ONLY_ACTIVE_ARCH = YES;
				SDKROOT = iphoneos;
				SWIFT_ACTIVE_COMPILATION_CONDITIONS = DEBUG;
				SWIFT_OPTIMIZATION_LEVEL = "-Onone";
			};
			name = Debug;
		};
		48534A762A8CAD5B00A2649D /* Release */ = {
			isa = XCBuildConfiguration;
			buildSettings = {
				ALWAYS_SEARCH_USER_PATHS = NO;
				CLANG_ANALYZER_NONNULL = YES;
				CLANG_ANALYZER_NUMBER_OBJECT_CONVERSION = YES_AGGRESSIVE;
				CLANG_CXX_LANGUAGE_STANDARD = "gnu++20";
				CLANG_ENABLE_MODULES = YES;
				CLANG_ENABLE_OBJC_ARC = YES;
				CLANG_ENABLE_OBJC_WEAK = YES;
				CLANG_WARN_BLOCK_CAPTURE_AUTORELEASING = YES;
				CLANG_WARN_BOOL_CONVERSION = YES;
				CLANG_WARN_COMMA = YES;
				CLANG_WARN_CONSTANT_CONVERSION = YES;
				CLANG_WARN_DEPRECATED_OBJC_IMPLEMENTATIONS = YES;
				CLANG_WARN_DIRECT_OBJC_ISA_USAGE = YES_ERROR;
				CLANG_WARN_DOCUMENTATION_COMMENTS = YES;
				CLANG_WARN_EMPTY_BODY = YES;
				CLANG_WARN_ENUM_CONVERSION = YES;
				CLANG_WARN_INFINITE_RECURSION = YES;
				CLANG_WARN_INT_CONVERSION = YES;
				CLANG_WARN_NON_LITERAL_NULL_CONVERSION = YES;
				CLANG_WARN_OBJC_IMPLICIT_RETAIN_SELF = YES;
				CLANG_WARN_OBJC_LITERAL_CONVERSION = YES;
				CLANG_WARN_OBJC_ROOT_CLASS = YES_ERROR;
				CLANG_WARN_QUOTED_INCLUDE_IN_FRAMEWORK_HEADER = YES;
				CLANG_WARN_RANGE_LOOP_ANALYSIS = YES;
				CLANG_WARN_STRICT_PROTOTYPES = YES;
				CLANG_WARN_SUSPICIOUS_MOVE = YES;
				CLANG_WARN_UNGUARDED_AVAILABILITY = YES_AGGRESSIVE;
				CLANG_WARN_UNREACHABLE_CODE = YES;
				CLANG_WARN__DUPLICATE_METHOD_MATCH = YES;
				COPY_PHASE_STRIP = NO;
				DEBUG_INFORMATION_FORMAT = "dwarf-with-dsym";
				ENABLE_NS_ASSERTIONS = NO;
				ENABLE_STRICT_OBJC_MSGSEND = YES;
				GCC_C_LANGUAGE_STANDARD = gnu11;
				GCC_NO_COMMON_BLOCKS = YES;
				GCC_WARN_64_TO_32_BIT_CONVERSION = YES;
				GCC_WARN_ABOUT_RETURN_TYPE = YES_ERROR;
				GCC_WARN_UNDECLARED_SELECTOR = YES;
				GCC_WARN_UNINITIALIZED_AUTOS = YES_AGGRESSIVE;
				GCC_WARN_UNUSED_FUNCTION = YES;
				GCC_WARN_UNUSED_VARIABLE = YES;
				IPHONEOS_DEPLOYMENT_TARGET = 16.4;
				MTL_ENABLE_DEBUG_INFO = NO;
				MTL_FAST_MATH = YES;
				SDKROOT = iphoneos;
				SWIFT_COMPILATION_MODE = wholemodule;
				SWIFT_OPTIMIZATION_LEVEL = "-O";
				VALIDATE_PRODUCT = YES;
			};
			name = Release;
		};
		48534A782A8CAD5B00A2649D /* Debug */ = {
			isa = XCBuildConfiguration;
			buildSettings = {
				ASSETCATALOG_COMPILER_APPICON_NAME = AppIcon;
				ASSETCATALOG_COMPILER_GLOBAL_ACCENT_COLOR_NAME = AccentColor;
				CODE_SIGN_STYLE = Automatic;
				CURRENT_PROJECT_VERSION = 1;
				DEVELOPMENT_TEAM = 2S9WHYP486;
				GENERATE_INFOPLIST_FILE = YES;
				INFOPLIST_FILE = 0816hw/Info.plist;
				INFOPLIST_KEY_UIApplicationSupportsIndirectInputEvents = YES;
				INFOPLIST_KEY_UILaunchStoryboardName = LaunchScreen;
				INFOPLIST_KEY_UIMainStoryboardFile = Main;
				INFOPLIST_KEY_UISupportedInterfaceOrientations_iPad = "UIInterfaceOrientationPortrait UIInterfaceOrientationPortraitUpsideDown UIInterfaceOrientationLandscapeLeft UIInterfaceOrientationLandscapeRight";
				INFOPLIST_KEY_UISupportedInterfaceOrientations_iPhone = "UIInterfaceOrientationPortrait UIInterfaceOrientationLandscapeLeft UIInterfaceOrientationLandscapeRight";
				IPHONEOS_DEPLOYMENT_TARGET = 15.1;
				LD_RUNPATH_SEARCH_PATHS = (
					"$(inherited)",
					"@executable_path/Frameworks",
				);
				MARKETING_VERSION = 1.0;
				PRODUCT_BUNDLE_IDENTIFIER = "com.noah.-721hw";
				PRODUCT_NAME = "$(TARGET_NAME)";
				SWIFT_EMIT_LOC_STRINGS = YES;
				SWIFT_VERSION = 5.0;
				TARGETED_DEVICE_FAMILY = "1,2";
			};
			name = Debug;
		};
		48534A792A8CAD5B00A2649D /* Release */ = {
			isa = XCBuildConfiguration;
			buildSettings = {
				ASSETCATALOG_COMPILER_APPICON_NAME = AppIcon;
				ASSETCATALOG_COMPILER_GLOBAL_ACCENT_COLOR_NAME = AccentColor;
				CODE_SIGN_STYLE = Automatic;
				CURRENT_PROJECT_VERSION = 1;
				DEVELOPMENT_TEAM = 2S9WHYP486;
				GENERATE_INFOPLIST_FILE = YES;
				INFOPLIST_FILE = 0816hw/Info.plist;
				INFOPLIST_KEY_UIApplicationSupportsIndirectInputEvents = YES;
				INFOPLIST_KEY_UILaunchStoryboardName = LaunchScreen;
				INFOPLIST_KEY_UIMainStoryboardFile = Main;
				INFOPLIST_KEY_UISupportedInterfaceOrientations_iPad = "UIInterfaceOrientationPortrait UIInterfaceOrientationPortraitUpsideDown UIInterfaceOrientationLandscapeLeft UIInterfaceOrientationLandscapeRight";
				INFOPLIST_KEY_UISupportedInterfaceOrientations_iPhone = "UIInterfaceOrientationPortrait UIInterfaceOrientationLandscapeLeft UIInterfaceOrientationLandscapeRight";
				IPHONEOS_DEPLOYMENT_TARGET = 15.1;
				LD_RUNPATH_SEARCH_PATHS = (
					"$(inherited)",
					"@executable_path/Frameworks",
				);
				MARKETING_VERSION = 1.0;
				PRODUCT_BUNDLE_IDENTIFIER = "com.noah.-721hw";
				PRODUCT_NAME = "$(TARGET_NAME)";
				SWIFT_EMIT_LOC_STRINGS = YES;
				SWIFT_VERSION = 5.0;
				TARGETED_DEVICE_FAMILY = "1,2";
			};
			name = Release;
		};
/* End XCBuildConfiguration section */

/* Begin XCConfigurationList section */
		48534A5E2A8CAD5900A2649D /* Build configuration list for PBXProject "0816hw" */ = {
			isa = XCConfigurationList;
			buildConfigurations = (
				48534A752A8CAD5B00A2649D /* Debug */,
				48534A762A8CAD5B00A2649D /* Release */,
			);
			defaultConfigurationIsVisible = 0;
			defaultConfigurationName = Release;
		};
		48534A772A8CAD5B00A2649D /* Build configuration list for PBXNativeTarget "0816hw" */ = {
			isa = XCConfigurationList;
			buildConfigurations = (
				48534A782A8CAD5B00A2649D /* Debug */,
				48534A792A8CAD5B00A2649D /* Release */,
			);
			defaultConfigurationIsVisible = 0;
			defaultConfigurationName = Release;
		};
/* End XCConfigurationList section */

/* Begin XCRemoteSwiftPackageReference section */
		4805656E2A8CB9370071344D /* XCRemoteSwiftPackageReference "SwiftyJSON" */ = {
			isa = XCRemoteSwiftPackageReference;
			repositoryURL = "https://github.com/SwiftyJSON/SwiftyJSON";
			requirement = {
				kind = upToNextMajorVersion;
				minimumVersion = 5.0.0;
			};
		};
		48534A8F2A8CB34600A2649D /* XCRemoteSwiftPackageReference "Alamofire" */ = {
			isa = XCRemoteSwiftPackageReference;
			repositoryURL = "https://github.com/Alamofire/Alamofire";
			requirement = {
				kind = upToNextMajorVersion;
				minimumVersion = 5.0.0;
			};
		};
		48534A922A8CB35100A2649D /* XCRemoteSwiftPackageReference "Kingfisher" */ = {
			isa = XCRemoteSwiftPackageReference;
			repositoryURL = "https://github.com/onevcat/Kingfisher";
			requirement = {
				kind = upToNextMajorVersion;
				minimumVersion = 7.0.0;
			};
		};
/* End XCRemoteSwiftPackageReference section */

/* Begin XCSwiftPackageProductDependency section */
		4805656F2A8CB9370071344D /* SwiftyJSON */ = {
			isa = XCSwiftPackageProductDependency;
			package = 4805656E2A8CB9370071344D /* XCRemoteSwiftPackageReference "SwiftyJSON" */;
			productName = SwiftyJSON;
		};
		48534A902A8CB34600A2649D /* Alamofire */ = {
			isa = XCSwiftPackageProductDependency;
			package = 48534A8F2A8CB34600A2649D /* XCRemoteSwiftPackageReference "Alamofire" */;
			productName = Alamofire;
		};
		48534A932A8CB35100A2649D /* Kingfisher */ = {
			isa = XCSwiftPackageProductDependency;
			package = 48534A922A8CB35100A2649D /* XCRemoteSwiftPackageReference "Kingfisher" */;
			productName = Kingfisher;
		};
/* End XCSwiftPackageProductDependency section */
	};
	rootObject = 48534A5B2A8CAD5900A2649D /* Project object */;
}
