// !$*UTF8*$!
{
	archiveVersion = 1;
	classes = {
	};
	objectVersion = 56;
	objects = {

/* Begin PBXBuildFile section */
		48F07F3D2A84AA90004ECDFB /* AppDelegate.swift in Sources */ = {isa = PBXBuildFile; fileRef = 48F07F3C2A84AA90004ECDFB /* AppDelegate.swift */; };
		48F07F3F2A84AA90004ECDFB /* SceneDelegate.swift in Sources */ = {isa = PBXBuildFile; fileRef = 48F07F3E2A84AA90004ECDFB /* SceneDelegate.swift */; };
		48F07F412A84AA90004ECDFB /* ViewController.swift in Sources */ = {isa = PBXBuildFile; fileRef = 48F07F402A84AA90004ECDFB /* ViewController.swift */; };
		48F07F442A84AA90004ECDFB /* Main.storyboard in Resources */ = {isa = PBXBuildFile; fileRef = 48F07F422A84AA90004ECDFB /* Main.storyboard */; };
		48F07F462A84AA91004ECDFB /* Assets.xcassets in Resources */ = {isa = PBXBuildFile; fileRef = 48F07F452A84AA91004ECDFB /* Assets.xcassets */; };
		48F07F492A84AA91004ECDFB /* LaunchScreen.storyboard in Resources */ = {isa = PBXBuildFile; fileRef = 48F07F472A84AA91004ECDFB /* LaunchScreen.storyboard */; };
		48F07F522A84AAA6004ECDFB /* SwiftyJSON in Frameworks */ = {isa = PBXBuildFile; productRef = 48F07F512A84AAA6004ECDFB /* SwiftyJSON */; };
		48F07F552A84AAAE004ECDFB /* Alamofire in Frameworks */ = {isa = PBXBuildFile; productRef = 48F07F542A84AAAE004ECDFB /* Alamofire */; };
		48F07F572A84AB32004ECDFB /* .gitignore in Resources */ = {isa = PBXBuildFile; fileRef = 48F07F562A84AB32004ECDFB /* .gitignore */; };
		48F07F592A84AC22004ECDFB /* APIKey.swift in Sources */ = {isa = PBXBuildFile; fileRef = 48F07F582A84AC22004ECDFB /* APIKey.swift */; };
		48F07F5B2A84B1D8004ECDFB /* Translate2ViewController.swift in Sources */ = {isa = PBXBuildFile; fileRef = 48F07F5A2A84B1D8004ECDFB /* Translate2ViewController.swift */; };
/* End PBXBuildFile section */

/* Begin PBXFileReference section */
		48F07F392A84AA90004ECDFB /* 0810hw.app */ = {isa = PBXFileReference; explicitFileType = wrapper.application; includeInIndex = 0; path = 0810hw.app; sourceTree = BUILT_PRODUCTS_DIR; };
		48F07F3C2A84AA90004ECDFB /* AppDelegate.swift */ = {isa = PBXFileReference; lastKnownFileType = sourcecode.swift; path = AppDelegate.swift; sourceTree = "<group>"; };
		48F07F3E2A84AA90004ECDFB /* SceneDelegate.swift */ = {isa = PBXFileReference; lastKnownFileType = sourcecode.swift; path = SceneDelegate.swift; sourceTree = "<group>"; };
		48F07F402A84AA90004ECDFB /* ViewController.swift */ = {isa = PBXFileReference; lastKnownFileType = sourcecode.swift; path = ViewController.swift; sourceTree = "<group>"; };
		48F07F432A84AA90004ECDFB /* Base */ = {isa = PBXFileReference; lastKnownFileType = file.storyboard; name = Base; path = Base.lproj/Main.storyboard; sourceTree = "<group>"; };
		48F07F452A84AA91004ECDFB /* Assets.xcassets */ = {isa = PBXFileReference; lastKnownFileType = folder.assetcatalog; path = Assets.xcassets; sourceTree = "<group>"; };
		48F07F482A84AA91004ECDFB /* Base */ = {isa = PBXFileReference; lastKnownFileType = file.storyboard; name = Base; path = Base.lproj/LaunchScreen.storyboard; sourceTree = "<group>"; };
		48F07F4A2A84AA91004ECDFB /* Info.plist */ = {isa = PBXFileReference; lastKnownFileType = text.plist.xml; path = Info.plist; sourceTree = "<group>"; };
		48F07F562A84AB32004ECDFB /* .gitignore */ = {isa = PBXFileReference; lastKnownFileType = text; path = .gitignore; sourceTree = "<group>"; };
		48F07F582A84AC22004ECDFB /* APIKey.swift */ = {isa = PBXFileReference; lastKnownFileType = sourcecode.swift; path = APIKey.swift; sourceTree = "<group>"; };
		48F07F5A2A84B1D8004ECDFB /* Translate2ViewController.swift */ = {isa = PBXFileReference; lastKnownFileType = sourcecode.swift; path = Translate2ViewController.swift; sourceTree = "<group>"; };
/* End PBXFileReference section */

/* Begin PBXFrameworksBuildPhase section */
		48F07F362A84AA90004ECDFB /* Frameworks */ = {
			isa = PBXFrameworksBuildPhase;
			buildActionMask = 2147483647;
			files = (
				48F07F522A84AAA6004ECDFB /* SwiftyJSON in Frameworks */,
				48F07F552A84AAAE004ECDFB /* Alamofire in Frameworks */,
			);
			runOnlyForDeploymentPostprocessing = 0;
		};
/* End PBXFrameworksBuildPhase section */

/* Begin PBXGroup section */
		48F07F302A84AA90004ECDFB = {
			isa = PBXGroup;
			children = (
				48F07F3B2A84AA90004ECDFB /* 0810hw */,
				48F07F3A2A84AA90004ECDFB /* Products */,
			);
			sourceTree = "<group>";
		};
		48F07F3A2A84AA90004ECDFB /* Products */ = {
			isa = PBXGroup;
			children = (
				48F07F392A84AA90004ECDFB /* 0810hw.app */,
			);
			name = Products;
			sourceTree = "<group>";
		};
		48F07F3B2A84AA90004ECDFB /* 0810hw */ = {
			isa = PBXGroup;
			children = (
				48F07F5A2A84B1D8004ECDFB /* Translate2ViewController.swift */,
				48F07F3C2A84AA90004ECDFB /* AppDelegate.swift */,
				48F07F3E2A84AA90004ECDFB /* SceneDelegate.swift */,
				48F07F402A84AA90004ECDFB /* ViewController.swift */,
				48F07F422A84AA90004ECDFB /* Main.storyboard */,
				48F07F562A84AB32004ECDFB /* .gitignore */,
				48F07F582A84AC22004ECDFB /* APIKey.swift */,
				48F07F452A84AA91004ECDFB /* Assets.xcassets */,
				48F07F472A84AA91004ECDFB /* LaunchScreen.storyboard */,
				48F07F4A2A84AA91004ECDFB /* Info.plist */,
			);
			path = 0810hw;
			sourceTree = "<group>";
		};
/* End PBXGroup section */

/* Begin PBXNativeTarget section */
		48F07F382A84AA90004ECDFB /* 0810hw */ = {
			isa = PBXNativeTarget;
			buildConfigurationList = 48F07F4D2A84AA91004ECDFB /* Build configuration list for PBXNativeTarget "0810hw" */;
			buildPhases = (
				48F07F352A84AA90004ECDFB /* Sources */,
				48F07F362A84AA90004ECDFB /* Frameworks */,
				48F07F372A84AA90004ECDFB /* Resources */,
			);
			buildRules = (
			);
			dependencies = (
			);
			name = 0810hw;
			packageProductDependencies = (
				48F07F512A84AAA6004ECDFB /* SwiftyJSON */,
				48F07F542A84AAAE004ECDFB /* Alamofire */,
			);
			productName = 0810hw;
			productReference = 48F07F392A84AA90004ECDFB /* 0810hw.app */;
			productType = "com.apple.product-type.application";
		};
/* End PBXNativeTarget section */

/* Begin PBXProject section */
		48F07F312A84AA90004ECDFB /* Project object */ = {
			isa = PBXProject;
			attributes = {
				BuildIndependentTargetsInParallel = 1;
				LastSwiftUpdateCheck = 1430;
				LastUpgradeCheck = 1430;
				TargetAttributes = {
					48F07F382A84AA90004ECDFB = {
						CreatedOnToolsVersion = 14.3.1;
					};
				};
			};
			buildConfigurationList = 48F07F342A84AA90004ECDFB /* Build configuration list for PBXProject "0810hw" */;
			compatibilityVersion = "Xcode 14.0";
			developmentRegion = en;
			hasScannedForEncodings = 0;
			knownRegions = (
				en,
				Base,
			);
			mainGroup = 48F07F302A84AA90004ECDFB;
			packageReferences = (
				48F07F502A84AAA6004ECDFB /* XCRemoteSwiftPackageReference "SwiftyJSON" */,
				48F07F532A84AAAE004ECDFB /* XCRemoteSwiftPackageReference "Alamofire" */,
			);
			productRefGroup = 48F07F3A2A84AA90004ECDFB /* Products */;
			projectDirPath = "";
			projectRoot = "";
			targets = (
				48F07F382A84AA90004ECDFB /* 0810hw */,
			);
		};
/* End PBXProject section */

/* Begin PBXResourcesBuildPhase section */
		48F07F372A84AA90004ECDFB /* Resources */ = {
			isa = PBXResourcesBuildPhase;
			buildActionMask = 2147483647;
			files = (
				48F07F572A84AB32004ECDFB /* .gitignore in Resources */,
				48F07F492A84AA91004ECDFB /* LaunchScreen.storyboard in Resources */,
				48F07F462A84AA91004ECDFB /* Assets.xcassets in Resources */,
				48F07F442A84AA90004ECDFB /* Main.storyboard in Resources */,
			);
			runOnlyForDeploymentPostprocessing = 0;
		};
/* End PBXResourcesBuildPhase section */

/* Begin PBXSourcesBuildPhase section */
		48F07F352A84AA90004ECDFB /* Sources */ = {
			isa = PBXSourcesBuildPhase;
			buildActionMask = 2147483647;
			files = (
				48F07F412A84AA90004ECDFB /* ViewController.swift in Sources */,
				48F07F3D2A84AA90004ECDFB /* AppDelegate.swift in Sources */,
				48F07F592A84AC22004ECDFB /* APIKey.swift in Sources */,
				48F07F3F2A84AA90004ECDFB /* SceneDelegate.swift in Sources */,
				48F07F5B2A84B1D8004ECDFB /* Translate2ViewController.swift in Sources */,
			);
			runOnlyForDeploymentPostprocessing = 0;
		};
/* End PBXSourcesBuildPhase section */

/* Begin PBXVariantGroup section */
		48F07F422A84AA90004ECDFB /* Main.storyboard */ = {
			isa = PBXVariantGroup;
			children = (
				48F07F432A84AA90004ECDFB /* Base */,
			);
			name = Main.storyboard;
			sourceTree = "<group>";
		};
		48F07F472A84AA91004ECDFB /* LaunchScreen.storyboard */ = {
			isa = PBXVariantGroup;
			children = (
				48F07F482A84AA91004ECDFB /* Base */,
			);
			name = LaunchScreen.storyboard;
			sourceTree = "<group>";
		};
/* End PBXVariantGroup section */

/* Begin XCBuildConfiguration section */
		48F07F4B2A84AA91004ECDFB /* Debug */ = {
			isa = XCBuildConfiguration;
			buildSettings = {
				ALWAYS_SEARCH_USER_PATHS = NO;
				CLANG_ANALYZER_NONNULL = YES;
				CLANG_ANALYZER_NUMBER_OBJECT_CONVERSION = YES_AGGRESSIVE;
				CLANG_CXX_LANGUAGE_STANDARD = "gnu++20";
				CLANG_ENABLE_MODULES = YES;
				CLANG_ENABLE_OBJC_ARC = YES;
				CLANG_ENABLE_OBJC_WEAK = YES;
				CLANG_WARN_BLOCK_CAPTURE_AUTORELEASING = YES;
				CLANG_WARN_BOOL_CONVERSION = YES;
				CLANG_WARN_COMMA = YES;
				CLANG_WARN_CONSTANT_CONVERSION = YES;
				CLANG_WARN_DEPRECATED_OBJC_IMPLEMENTATIONS = YES;
				CLANG_WARN_DIRECT_OBJC_ISA_USAGE = YES_ERROR;
				CLANG_WARN_DOCUMENTATION_COMMENTS = YES;
				CLANG_WARN_EMPTY_BODY = YES;
				CLANG_WARN_ENUM_CONVERSION = YES;
				CLANG_WARN_INFINITE_RECURSION = YES;
				CLANG_WARN_INT_CONVERSION = YES;
				CLANG_WARN_NON_LITERAL_NULL_CONVERSION = YES;
				CLANG_WARN_OBJC_IMPLICIT_RETAIN_SELF = YES;
				CLANG_WARN_OBJC_LITERAL_CONVERSION = YES;
				CLANG_WARN_OBJC_ROOT_CLASS = YES_ERROR;
				CLANG_WARN_QUOTED_INCLUDE_IN_FRAMEWORK_HEADER = YES;
				CLANG_WARN_RANGE_LOOP_ANALYSIS = YES;
				CLANG_WARN_STRICT_PROTOTYPES = YES;
				CLANG_WARN_SUSPICIOUS_MOVE = YES;
				CLANG_WARN_UNGUARDED_AVAILABILITY = YES_AGGRESSIVE;
				CLANG_WARN_UNREACHABLE_CODE = YES;
				CLANG_WARN__DUPLICATE_METHOD_MATCH = YES;
				COPY_PHASE_STRIP = NO;
				DEBUG_INFORMATION_FORMAT = dwarf;
				ENABLE_STRICT_OBJC_MSGSEND = YES;
				ENABLE_TESTABILITY = YES;
				GCC_C_LANGUAGE_STANDARD = gnu11;
				GCC_DYNAMIC_NO_PIC = NO;
				GCC_NO_COMMON_BLOCKS = YES;
				GCC_OPTIMIZATION_LEVEL = 0;
				GCC_PREPROCESSOR_DEFINITIONS = (
					"DEBUG=1",
					"$(inherited)",
				);
				GCC_WARN_64_TO_32_BIT_CONVERSION = YES;
				GCC_WARN_ABOUT_RETURN_TYPE = YES_ERROR;
				GCC_WARN_UNDECLARED_SELECTOR = YES;
				GCC_WARN_UNINITIALIZED_AUTOS = YES_AGGRESSIVE;
				GCC_WARN_UNUSED_FUNCTION = YES;
				GCC_WARN_UNUSED_VARIABLE = YES;
				IPHONEOS_DEPLOYMENT_TARGET = 16.4;
				MTL_ENABLE_DEBUG_INFO = INCLUDE_SOURCE;
				MTL_FAST_MATH = YES;
				ONLY_ACTIVE_ARCH = YES;
				SDKROOT = iphoneos;
				SWIFT_ACTIVE_COMPILATION_CONDITIONS = DEBUG;
				SWIFT_OPTIMIZATION_LEVEL = "-Onone";
			};
			name = Debug;
		};
		48F07F4C2A84AA91004ECDFB /* Release */ = {
			isa = XCBuildConfiguration;
			buildSettings = {
				ALWAYS_SEARCH_USER_PATHS = NO;
				CLANG_ANALYZER_NONNULL = YES;
				CLANG_ANALYZER_NUMBER_OBJECT_CONVERSION = YES_AGGRESSIVE;
				CLANG_CXX_LANGUAGE_STANDARD = "gnu++20";
				CLANG_ENABLE_MODULES = YES;
				CLANG_ENABLE_OBJC_ARC = YES;
				CLANG_ENABLE_OBJC_WEAK = YES;
				CLANG_WARN_BLOCK_CAPTURE_AUTORELEASING = YES;
				CLANG_WARN_BOOL_CONVERSION = YES;
				CLANG_WARN_COMMA = YES;
				CLANG_WARN_CONSTANT_CONVERSION = YES;
				CLANG_WARN_DEPRECATED_OBJC_IMPLEMENTATIONS = YES;
				CLANG_WARN_DIRECT_OBJC_ISA_USAGE = YES_ERROR;
				CLANG_WARN_DOCUMENTATION_COMMENTS = YES;
				CLANG_WARN_EMPTY_BODY = YES;
				CLANG_WARN_ENUM_CONVERSION = YES;
				CLANG_WARN_INFINITE_RECURSION = YES;
				CLANG_WARN_INT_CONVERSION = YES;
				CLANG_WARN_NON_LITERAL_NULL_CONVERSION = YES;
				CLANG_WARN_OBJC_IMPLICIT_RETAIN_SELF = YES;
				CLANG_WARN_OBJC_LITERAL_CONVERSION = YES;
				CLANG_WARN_OBJC_ROOT_CLASS = YES_ERROR;
				CLANG_WARN_QUOTED_INCLUDE_IN_FRAMEWORK_HEADER = YES;
				CLANG_WARN_RANGE_LOOP_ANALYSIS = YES;
				CLANG_WARN_STRICT_PROTOTYPES = YES;
				CLANG_WARN_SUSPICIOUS_MOVE = YES;
				CLANG_WARN_UNGUARDED_AVAILABILITY = YES_AGGRESSIVE;
				CLANG_WARN_UNREACHABLE_CODE = YES;
				CLANG_WARN__DUPLICATE_METHOD_MATCH = YES;
				COPY_PHASE_STRIP = NO;
				DEBUG_INFORMATION_FORMAT = "dwarf-with-dsym";
				ENABLE_NS_ASSERTIONS = NO;
				ENABLE_STRICT_OBJC_MSGSEND = YES;
				GCC_C_LANGUAGE_STANDARD = gnu11;
				GCC_NO_COMMON_BLOCKS = YES;
				GCC_WARN_64_TO_32_BIT_CONVERSION = YES;
				GCC_WARN_ABOUT_RETURN_TYPE = YES_ERROR;
				GCC_WARN_UNDECLARED_SELECTOR = YES;
				GCC_WARN_UNINITIALIZED_AUTOS = YES_AGGRESSIVE;
				GCC_WARN_UNUSED_FUNCTION = YES;
				GCC_WARN_UNUSED_VARIABLE = YES;
				IPHONEOS_DEPLOYMENT_TARGET = 16.4;
				MTL_ENABLE_DEBUG_INFO = NO;
				MTL_FAST_MATH = YES;
				SDKROOT = iphoneos;
				SWIFT_COMPILATION_MODE = wholemodule;
				SWIFT_OPTIMIZATION_LEVEL = "-O";
				VALIDATE_PRODUCT = YES;
			};
			name = Release;
		};
		48F07F4E2A84AA91004ECDFB /* Debug */ = {
			isa = XCBuildConfiguration;
			buildSettings = {
				ASSETCATALOG_COMPILER_APPICON_NAME = AppIcon;
				ASSETCATALOG_COMPILER_GLOBAL_ACCENT_COLOR_NAME = AccentColor;
				CODE_SIGN_STYLE = Automatic;
				CURRENT_PROJECT_VERSION = 1;
				DEVELOPMENT_TEAM = 2S9WHYP486;
				GENERATE_INFOPLIST_FILE = YES;
				INFOPLIST_FILE = 0810hw/Info.plist;
				INFOPLIST_KEY_UIApplicationSupportsIndirectInputEvents = YES;
				INFOPLIST_KEY_UILaunchStoryboardName = LaunchScreen;
				INFOPLIST_KEY_UIMainStoryboardFile = Main;
				INFOPLIST_KEY_UISupportedInterfaceOrientations_iPad = "UIInterfaceOrientationPortrait UIInterfaceOrientationPortraitUpsideDown UIInterfaceOrientationLandscapeLeft UIInterfaceOrientationLandscapeRight";
				INFOPLIST_KEY_UISupportedInterfaceOrientations_iPhone = "UIInterfaceOrientationPortrait UIInterfaceOrientationLandscapeLeft UIInterfaceOrientationLandscapeRight";
				IPHONEOS_DEPLOYMENT_TARGET = 15.6;
				LD_RUNPATH_SEARCH_PATHS = (
					"$(inherited)",
					"@executable_path/Frameworks",
				);
				MARKETING_VERSION = 1.0;
				PRODUCT_BUNDLE_IDENTIFIER = "com.noah.-721hw";
				PRODUCT_NAME = "$(TARGET_NAME)";
				SWIFT_EMIT_LOC_STRINGS = YES;
				SWIFT_VERSION = 5.0;
				TARGETED_DEVICE_FAMILY = "1,2";
			};
			name = Debug;
		};
		48F07F4F2A84AA91004ECDFB /* Release */ = {
			isa = XCBuildConfiguration;
			buildSettings = {
				ASSETCATALOG_COMPILER_APPICON_NAME = AppIcon;
				ASSETCATALOG_COMPILER_GLOBAL_ACCENT_COLOR_NAME = AccentColor;
				CODE_SIGN_STYLE = Automatic;
				CURRENT_PROJECT_VERSION = 1;
				DEVELOPMENT_TEAM = 2S9WHYP486;
				GENERATE_INFOPLIST_FILE = YES;
				INFOPLIST_FILE = 0810hw/Info.plist;
				INFOPLIST_KEY_UIApplicationSupportsIndirectInputEvents = YES;
				INFOPLIST_KEY_UILaunchStoryboardName = LaunchScreen;
				INFOPLIST_KEY_UIMainStoryboardFile = Main;
				INFOPLIST_KEY_UISupportedInterfaceOrientations_iPad = "UIInterfaceOrientationPortrait UIInterfaceOrientationPortraitUpsideDown UIInterfaceOrientationLandscapeLeft UIInterfaceOrientationLandscapeRight";
				INFOPLIST_KEY_UISupportedInterfaceOrientations_iPhone = "UIInterfaceOrientationPortrait UIInterfaceOrientationLandscapeLeft UIInterfaceOrientationLandscapeRight";
				IPHONEOS_DEPLOYMENT_TARGET = 15.6;
				LD_RUNPATH_SEARCH_PATHS = (
					"$(inherited)",
					"@executable_path/Frameworks",
				);
				MARKETING_VERSION = 1.0;
				PRODUCT_BUNDLE_IDENTIFIER = "com.noah.-721hw";
				PRODUCT_NAME = "$(TARGET_NAME)";
				SWIFT_EMIT_LOC_STRINGS = YES;
				SWIFT_VERSION = 5.0;
				TARGETED_DEVICE_FAMILY = "1,2";
			};
			name = Release;
		};
/* End XCBuildConfiguration section */

/* Begin XCConfigurationList section */
		48F07F342A84AA90004ECDFB /* Build configuration list for PBXProject "0810hw" */ = {
			isa = XCConfigurationList;
			buildConfigurations = (
				48F07F4B2A84AA91004ECDFB /* Debug */,
				48F07F4C2A84AA91004ECDFB /* Release */,
			);
			defaultConfigurationIsVisible = 0;
			defaultConfigurationName = Release;
		};
		48F07F4D2A84AA91004ECDFB /* Build configuration list for PBXNativeTarget "0810hw" */ = {
			isa = XCConfigurationList;
			buildConfigurations = (
				48F07F4E2A84AA91004ECDFB /* Debug */,
				48F07F4F2A84AA91004ECDFB /* Release */,
			);
			defaultConfigurationIsVisible = 0;
			defaultConfigurationName = Release;
		};
/* End XCConfigurationList section */

/* Begin XCRemoteSwiftPackageReference section */
		48F07F502A84AAA6004ECDFB /* XCRemoteSwiftPackageReference "SwiftyJSON" */ = {
			isa = XCRemoteSwiftPackageReference;
			repositoryURL = "https://github.com/SwiftyJSON/SwiftyJSON";
			requirement = {
				kind = upToNextMajorVersion;
				minimumVersion = 5.0.0;
			};
		};
		48F07F532A84AAAE004ECDFB /* XCRemoteSwiftPackageReference "Alamofire" */ = {
			isa = XCRemoteSwiftPackageReference;
			repositoryURL = "https://github.com/Alamofire/Alamofire";
			requirement = {
				kind = upToNextMajorVersion;
				minimumVersion = 5.0.0;
			};
		};
/* End XCRemoteSwiftPackageReference section */

/* Begin XCSwiftPackageProductDependency section */
		48F07F512A84AAA6004ECDFB /* SwiftyJSON */ = {
			isa = XCSwiftPackageProductDependency;
			package = 48F07F502A84AAA6004ECDFB /* XCRemoteSwiftPackageReference "SwiftyJSON" */;
			productName = SwiftyJSON;
		};
		48F07F542A84AAAE004ECDFB /* Alamofire */ = {
			isa = XCSwiftPackageProductDependency;
			package = 48F07F532A84AAAE004ECDFB /* XCRemoteSwiftPackageReference "Alamofire" */;
			productName = Alamofire;
		};
/* End XCSwiftPackageProductDependency section */
	};
	rootObject = 48F07F312A84AA90004ECDFB /* Project object */;
}
