// !$*UTF8*$!
{
	archiveVersion = 1;
	classes = {
	};
	objectVersion = 56;
	objects = {

/* Begin PBXBuildFile section */
		48B301122A6A677100F1D0DC /* AppDelegate.swift in Sources */ = {isa = PBXBuildFile; fileRef = 48B301112A6A677100F1D0DC /* AppDelegate.swift */; };
		48B301142A6A677100F1D0DC /* SceneDelegate.swift in Sources */ = {isa = PBXBuildFile; fileRef = 48B301132A6A677100F1D0DC /* SceneDelegate.swift */; };
		48B301162A6A677100F1D0DC /* ViewController.swift in Sources */ = {isa = PBXBuildFile; fileRef = 48B301152A6A677100F1D0DC /* ViewController.swift */; };
		48B301192A6A677100F1D0DC /* Main.storyboard in Resources */ = {isa = PBXBuildFile; fileRef = 48B301172A6A677100F1D0DC /* Main.storyboard */; };
		48B3011B2A6A677300F1D0DC /* Assets.xcassets in Resources */ = {isa = PBXBuildFile; fileRef = 48B3011A2A6A677300F1D0DC /* Assets.xcassets */; };
		48B3011E2A6A677300F1D0DC /* LaunchScreen.storyboard in Resources */ = {isa = PBXBuildFile; fileRef = 48B3011C2A6A677300F1D0DC /* LaunchScreen.storyboard */; };
		48B301262A6A67BF00F1D0DC /* WordSearchViewController.swift in Sources */ = {isa = PBXBuildFile; fileRef = 48B301252A6A67BF00F1D0DC /* WordSearchViewController.swift */; };
		48B301292A6A7C3500F1D0DC /* BaeminLayoutPractice.storyboard in Resources */ = {isa = PBXBuildFile; fileRef = 48B301282A6A7C3500F1D0DC /* BaeminLayoutPractice.storyboard */; };
		48B3012B2A6A7C4200F1D0DC /* BaeminViewController.swift in Sources */ = {isa = PBXBuildFile; fileRef = 48B3012A2A6A7C4200F1D0DC /* BaeminViewController.swift */; };
/* End PBXBuildFile section */

/* Begin PBXFileReference section */
		48B3010E2A6A677100F1D0DC /* 0721hw.app */ = {isa = PBXFileReference; explicitFileType = wrapper.application; includeInIndex = 0; path = 0721hw.app; sourceTree = BUILT_PRODUCTS_DIR; };
		48B301112A6A677100F1D0DC /* AppDelegate.swift */ = {isa = PBXFileReference; lastKnownFileType = sourcecode.swift; path = AppDelegate.swift; sourceTree = "<group>"; };
		48B301132A6A677100F1D0DC /* SceneDelegate.swift */ = {isa = PBXFileReference; lastKnownFileType = sourcecode.swift; path = SceneDelegate.swift; sourceTree = "<group>"; };
		48B301152A6A677100F1D0DC /* ViewController.swift */ = {isa = PBXFileReference; lastKnownFileType = sourcecode.swift; path = ViewController.swift; sourceTree = "<group>"; };
		48B301182A6A677100F1D0DC /* Base */ = {isa = PBXFileReference; lastKnownFileType = file.storyboard; name = Base; path = Base.lproj/Main.storyboard; sourceTree = "<group>"; };
		48B3011A2A6A677300F1D0DC /* Assets.xcassets */ = {isa = PBXFileReference; lastKnownFileType = folder.assetcatalog; path = Assets.xcassets; sourceTree = "<group>"; };
		48B3011D2A6A677300F1D0DC /* Base */ = {isa = PBXFileReference; lastKnownFileType = file.storyboard; name = Base; path = Base.lproj/LaunchScreen.storyboard; sourceTree = "<group>"; };
		48B3011F2A6A677300F1D0DC /* Info.plist */ = {isa = PBXFileReference; lastKnownFileType = text.plist.xml; path = Info.plist; sourceTree = "<group>"; };
		48B301252A6A67BF00F1D0DC /* WordSearchViewController.swift */ = {isa = PBXFileReference; lastKnownFileType = sourcecode.swift; path = WordSearchViewController.swift; sourceTree = "<group>"; };
		48B301282A6A7C3500F1D0DC /* BaeminLayoutPractice.storyboard */ = {isa = PBXFileReference; lastKnownFileType = file.storyboard; path = BaeminLayoutPractice.storyboard; sourceTree = "<group>"; };
		48B3012A2A6A7C4200F1D0DC /* BaeminViewController.swift */ = {isa = PBXFileReference; lastKnownFileType = sourcecode.swift; path = BaeminViewController.swift; sourceTree = "<group>"; };
/* End PBXFileReference section */

/* Begin PBXFrameworksBuildPhase section */
		48B3010B2A6A677100F1D0DC /* Frameworks */ = {
			isa = PBXFrameworksBuildPhase;
			buildActionMask = 2147483647;
			files = (
			);
			runOnlyForDeploymentPostprocessing = 0;
		};
/* End PBXFrameworksBuildPhase section */

/* Begin PBXGroup section */
		48B301052A6A677100F1D0DC = {
			isa = PBXGroup;
			children = (
				48B301102A6A677100F1D0DC /* 0721hw */,
				48B3010F2A6A677100F1D0DC /* Products */,
			);
			sourceTree = "<group>";
		};
		48B3010F2A6A677100F1D0DC /* Products */ = {
			isa = PBXGroup;
			children = (
				48B3010E2A6A677100F1D0DC /* 0721hw.app */,
			);
			name = Products;
			sourceTree = "<group>";
		};
		48B301102A6A677100F1D0DC /* 0721hw */ = {
			isa = PBXGroup;
			children = (
				48B301272A6A7C1A00F1D0DC /* Baemin */,
				48B301112A6A677100F1D0DC /* AppDelegate.swift */,
				48B301132A6A677100F1D0DC /* SceneDelegate.swift */,
				48B301152A6A677100F1D0DC /* ViewController.swift */,
				48B301172A6A677100F1D0DC /* Main.storyboard */,
				48B301252A6A67BF00F1D0DC /* WordSearchViewController.swift */,
				48B3011A2A6A677300F1D0DC /* Assets.xcassets */,
				48B3011C2A6A677300F1D0DC /* LaunchScreen.storyboard */,
				48B3011F2A6A677300F1D0DC /* Info.plist */,
			);
			path = 0721hw;
			sourceTree = "<group>";
		};
		48B301272A6A7C1A00F1D0DC /* Baemin */ = {
			isa = PBXGroup;
			children = (
				48B301282A6A7C3500F1D0DC /* BaeminLayoutPractice.storyboard */,
				48B3012A2A6A7C4200F1D0DC /* BaeminViewController.swift */,
			);
			path = Baemin;
			sourceTree = "<group>";
		};
/* End PBXGroup section */

/* Begin PBXNativeTarget section */
		48B3010D2A6A677100F1D0DC /* 0721hw */ = {
			isa = PBXNativeTarget;
			buildConfigurationList = 48B301222A6A677300F1D0DC /* Build configuration list for PBXNativeTarget "0721hw" */;
			buildPhases = (
				48B3010A2A6A677100F1D0DC /* Sources */,
				48B3010B2A6A677100F1D0DC /* Frameworks */,
				48B3010C2A6A677100F1D0DC /* Resources */,
			);
			buildRules = (
			);
			dependencies = (
			);
			name = 0721hw;
			productName = 0721hw;
			productReference = 48B3010E2A6A677100F1D0DC /* 0721hw.app */;
			productType = "com.apple.product-type.application";
		};
/* End PBXNativeTarget section */

/* Begin PBXProject section */
		48B301062A6A677100F1D0DC /* Project object */ = {
			isa = PBXProject;
			attributes = {
				BuildIndependentTargetsInParallel = 1;
				LastSwiftUpdateCheck = 1430;
				LastUpgradeCheck = 1430;
				TargetAttributes = {
					48B3010D2A6A677100F1D0DC = {
						CreatedOnToolsVersion = 14.3.1;
					};
				};
			};
			buildConfigurationList = 48B301092A6A677100F1D0DC /* Build configuration list for PBXProject "0721hw" */;
			compatibilityVersion = "Xcode 14.0";
			developmentRegion = en;
			hasScannedForEncodings = 0;
			knownRegions = (
				en,
				Base,
			);
			mainGroup = 48B301052A6A677100F1D0DC;
			productRefGroup = 48B3010F2A6A677100F1D0DC /* Products */;
			projectDirPath = "";
			projectRoot = "";
			targets = (
				48B3010D2A6A677100F1D0DC /* 0721hw */,
			);
		};
/* End PBXProject section */

/* Begin PBXResourcesBuildPhase section */
		48B3010C2A6A677100F1D0DC /* Resources */ = {
			isa = PBXResourcesBuildPhase;
			buildActionMask = 2147483647;
			files = (
				48B3011E2A6A677300F1D0DC /* LaunchScreen.storyboard in Resources */,
				48B3011B2A6A677300F1D0DC /* Assets.xcassets in Resources */,
				48B301192A6A677100F1D0DC /* Main.storyboard in Resources */,
				48B301292A6A7C3500F1D0DC /* BaeminLayoutPractice.storyboard in Resources */,
			);
			runOnlyForDeploymentPostprocessing = 0;
		};
/* End PBXResourcesBuildPhase section */

/* Begin PBXSourcesBuildPhase section */
		48B3010A2A6A677100F1D0DC /* Sources */ = {
			isa = PBXSourcesBuildPhase;
			buildActionMask = 2147483647;
			files = (
				48B301162A6A677100F1D0DC /* ViewController.swift in Sources */,
				48B301122A6A677100F1D0DC /* AppDelegate.swift in Sources */,
				48B301262A6A67BF00F1D0DC /* WordSearchViewController.swift in Sources */,
				48B301142A6A677100F1D0DC /* SceneDelegate.swift in Sources */,
				48B3012B2A6A7C4200F1D0DC /* BaeminViewController.swift in Sources */,
			);
			runOnlyForDeploymentPostprocessing = 0;
		};
/* End PBXSourcesBuildPhase section */

/* Begin PBXVariantGroup section */
		48B301172A6A677100F1D0DC /* Main.storyboard */ = {
			isa = PBXVariantGroup;
			children = (
				48B301182A6A677100F1D0DC /* Base */,
			);
			name = Main.storyboard;
			sourceTree = "<group>";
		};
		48B3011C2A6A677300F1D0DC /* LaunchScreen.storyboard */ = {
			isa = PBXVariantGroup;
			children = (
				48B3011D2A6A677300F1D0DC /* Base */,
			);
			name = LaunchScreen.storyboard;
			sourceTree = "<group>";
		};
/* End PBXVariantGroup section */

/* Begin XCBuildConfiguration section */
		48B301202A6A677300F1D0DC /* Debug */ = {
			isa = XCBuildConfiguration;
			buildSettings = {
				ALWAYS_SEARCH_USER_PATHS = NO;
				CLANG_ANALYZER_NONNULL = YES;
				CLANG_ANALYZER_NUMBER_OBJECT_CONVERSION = YES_AGGRESSIVE;
				CLANG_CXX_LANGUAGE_STANDARD = "gnu++20";
				CLANG_ENABLE_MODULES = YES;
				CLANG_ENABLE_OBJC_ARC = YES;
				CLANG_ENABLE_OBJC_WEAK = YES;
				CLANG_WARN_BLOCK_CAPTURE_AUTORELEASING = YES;
				CLANG_WARN_BOOL_CONVERSION = YES;
				CLANG_WARN_COMMA = YES;
				CLANG_WARN_CONSTANT_CONVERSION = YES;
				CLANG_WARN_DEPRECATED_OBJC_IMPLEMENTATIONS = YES;
				CLANG_WARN_DIRECT_OBJC_ISA_USAGE = YES_ERROR;
				CLANG_WARN_DOCUMENTATION_COMMENTS = YES;
				CLANG_WARN_EMPTY_BODY = YES;
				CLANG_WARN_ENUM_CONVERSION = YES;
				CLANG_WARN_INFINITE_RECURSION = YES;
				CLANG_WARN_INT_CONVERSION = YES;
				CLANG_WARN_NON_LITERAL_NULL_CONVERSION = YES;
				CLANG_WARN_OBJC_IMPLICIT_RETAIN_SELF = YES;
				CLANG_WARN_OBJC_LITERAL_CONVERSION = YES;
				CLANG_WARN_OBJC_ROOT_CLASS = YES_ERROR;
				CLANG_WARN_QUOTED_INCLUDE_IN_FRAMEWORK_HEADER = YES;
				CLANG_WARN_RANGE_LOOP_ANALYSIS = YES;
				CLANG_WARN_STRICT_PROTOTYPES = YES;
				CLANG_WARN_SUSPICIOUS_MOVE = YES;
				CLANG_WARN_UNGUARDED_AVAILABILITY = YES_AGGRESSIVE;
				CLANG_WARN_UNREACHABLE_CODE = YES;
				CLANG_WARN__DUPLICATE_METHOD_MATCH = YES;
				COPY_PHASE_STRIP = NO;
				DEBUG_INFORMATION_FORMAT = dwarf;
				ENABLE_STRICT_OBJC_MSGSEND = YES;
				ENABLE_TESTABILITY = YES;
				GCC_C_LANGUAGE_STANDARD = gnu11;
				GCC_DYNAMIC_NO_PIC = NO;
				GCC_NO_COMMON_BLOCKS = YES;
				GCC_OPTIMIZATION_LEVEL = 0;
				GCC_PREPROCESSOR_DEFINITIONS = (
					"DEBUG=1",
					"$(inherited)",
				);
				GCC_WARN_64_TO_32_BIT_CONVERSION = YES;
				GCC_WARN_ABOUT_RETURN_TYPE = YES_ERROR;
				GCC_WARN_UNDECLARED_SELECTOR = YES;
				GCC_WARN_UNINITIALIZED_AUTOS = YES_AGGRESSIVE;
				GCC_WARN_UNUSED_FUNCTION = YES;
				GCC_WARN_UNUSED_VARIABLE = YES;
				IPHONEOS_DEPLOYMENT_TARGET = 16.4;
				MTL_ENABLE_DEBUG_INFO = INCLUDE_SOURCE;
				MTL_FAST_MATH = YES;
				ONLY_ACTIVE_ARCH = YES;
				SDKROOT = iphoneos;
				SWIFT_ACTIVE_COMPILATION_CONDITIONS = DEBUG;
				SWIFT_OPTIMIZATION_LEVEL = "-Onone";
			};
			name = Debug;
		};
		48B301212A6A677300F1D0DC /* Release */ = {
			isa = XCBuildConfiguration;
			buildSettings = {
				ALWAYS_SEARCH_USER_PATHS = NO;
				CLANG_ANALYZER_NONNULL = YES;
				CLANG_ANALYZER_NUMBER_OBJECT_CONVERSION = YES_AGGRESSIVE;
				CLANG_CXX_LANGUAGE_STANDARD = "gnu++20";
				CLANG_ENABLE_MODULES = YES;
				CLANG_ENABLE_OBJC_ARC = YES;
				CLANG_ENABLE_OBJC_WEAK = YES;
				CLANG_WARN_BLOCK_CAPTURE_AUTORELEASING = YES;
				CLANG_WARN_BOOL_CONVERSION = YES;
				CLANG_WARN_COMMA = YES;
				CLANG_WARN_CONSTANT_CONVERSION = YES;
				CLANG_WARN_DEPRECATED_OBJC_IMPLEMENTATIONS = YES;
				CLANG_WARN_DIRECT_OBJC_ISA_USAGE = YES_ERROR;
				CLANG_WARN_DOCUMENTATION_COMMENTS = YES;
				CLANG_WARN_EMPTY_BODY = YES;
				CLANG_WARN_ENUM_CONVERSION = YES;
				CLANG_WARN_INFINITE_RECURSION = YES;
				CLANG_WARN_INT_CONVERSION = YES;
				CLANG_WARN_NON_LITERAL_NULL_CONVERSION = YES;
				CLANG_WARN_OBJC_IMPLICIT_RETAIN_SELF = YES;
				CLANG_WARN_OBJC_LITERAL_CONVERSION = YES;
				CLANG_WARN_OBJC_ROOT_CLASS = YES_ERROR;
				CLANG_WARN_QUOTED_INCLUDE_IN_FRAMEWORK_HEADER = YES;
				CLANG_WARN_RANGE_LOOP_ANALYSIS = YES;
				CLANG_WARN_STRICT_PROTOTYPES = YES;
				CLANG_WARN_SUSPICIOUS_MOVE = YES;
				CLANG_WARN_UNGUARDED_AVAILABILITY = YES_AGGRESSIVE;
				CLANG_WARN_UNREACHABLE_CODE = YES;
				CLANG_WARN__DUPLICATE_METHOD_MATCH = YES;
				COPY_PHASE_STRIP = NO;
				DEBUG_INFORMATION_FORMAT = "dwarf-with-dsym";
				ENABLE_NS_ASSERTIONS = NO;
				ENABLE_STRICT_OBJC_MSGSEND = YES;
				GCC_C_LANGUAGE_STANDARD = gnu11;
				GCC_NO_COMMON_BLOCKS = YES;
				GCC_WARN_64_TO_32_BIT_CONVERSION = YES;
				GCC_WARN_ABOUT_RETURN_TYPE = YES_ERROR;
				GCC_WARN_UNDECLARED_SELECTOR = YES;
				GCC_WARN_UNINITIALIZED_AUTOS = YES_AGGRESSIVE;
				GCC_WARN_UNUSED_FUNCTION = YES;
				GCC_WARN_UNUSED_VARIABLE = YES;
				IPHONEOS_DEPLOYMENT_TARGET = 16.4;
				MTL_ENABLE_DEBUG_INFO = NO;
				MTL_FAST_MATH = YES;
				SDKROOT = iphoneos;
				SWIFT_COMPILATION_MODE = wholemodule;
				SWIFT_OPTIMIZATION_LEVEL = "-O";
				VALIDATE_PRODUCT = YES;
			};
			name = Release;
		};
		48B301232A6A677300F1D0DC /* Debug */ = {
			isa = XCBuildConfiguration;
			buildSettings = {
				ASSETCATALOG_COMPILER_APPICON_NAME = AppIcon;
				ASSETCATALOG_COMPILER_GLOBAL_ACCENT_COLOR_NAME = AccentColor;
				CODE_SIGN_STYLE = Automatic;
				CURRENT_PROJECT_VERSION = 1;
				DEVELOPMENT_TEAM = 2S9WHYP486;
				GENERATE_INFOPLIST_FILE = YES;
				INFOPLIST_FILE = 0721hw/Info.plist;
				INFOPLIST_KEY_UIApplicationSupportsIndirectInputEvents = YES;
				INFOPLIST_KEY_UILaunchStoryboardName = LaunchScreen;
				INFOPLIST_KEY_UIMainStoryboardFile = Main;
				INFOPLIST_KEY_UISupportedInterfaceOrientations_iPad = "UIInterfaceOrientationPortrait UIInterfaceOrientationPortraitUpsideDown UIInterfaceOrientationLandscapeLeft UIInterfaceOrientationLandscapeRight";
				INFOPLIST_KEY_UISupportedInterfaceOrientations_iPhone = "UIInterfaceOrientationPortrait UIInterfaceOrientationLandscapeLeft UIInterfaceOrientationLandscapeRight";
				IPHONEOS_DEPLOYMENT_TARGET = 15.4;
				LD_RUNPATH_SEARCH_PATHS = (
					"$(inherited)",
					"@executable_path/Frameworks",
				);
				MARKETING_VERSION = 1.0;
				PRODUCT_BUNDLE_IDENTIFIER = "com.noah.-721hw";
				PRODUCT_NAME = "$(TARGET_NAME)";
				SWIFT_EMIT_LOC_STRINGS = YES;
				SWIFT_VERSION = 5.0;
				TARGETED_DEVICE_FAMILY = "1,2";
			};
			name = Debug;
		};
		48B301242A6A677300F1D0DC /* Release */ = {
			isa = XCBuildConfiguration;
			buildSettings = {
				ASSETCATALOG_COMPILER_APPICON_NAME = AppIcon;
				ASSETCATALOG_COMPILER_GLOBAL_ACCENT_COLOR_NAME = AccentColor;
				CODE_SIGN_STYLE = Automatic;
				CURRENT_PROJECT_VERSION = 1;
				DEVELOPMENT_TEAM = 2S9WHYP486;
				GENERATE_INFOPLIST_FILE = YES;
				INFOPLIST_FILE = 0721hw/Info.plist;
				INFOPLIST_KEY_UIApplicationSupportsIndirectInputEvents = YES;
				INFOPLIST_KEY_UILaunchStoryboardName = LaunchScreen;
				INFOPLIST_KEY_UIMainStoryboardFile = Main;
				INFOPLIST_KEY_UISupportedInterfaceOrientations_iPad = "UIInterfaceOrientationPortrait UIInterfaceOrientationPortraitUpsideDown UIInterfaceOrientationLandscapeLeft UIInterfaceOrientationLandscapeRight";
				INFOPLIST_KEY_UISupportedInterfaceOrientations_iPhone = "UIInterfaceOrientationPortrait UIInterfaceOrientationLandscapeLeft UIInterfaceOrientationLandscapeRight";
				IPHONEOS_DEPLOYMENT_TARGET = 15.4;
				LD_RUNPATH_SEARCH_PATHS = (
					"$(inherited)",
					"@executable_path/Frameworks",
				);
				MARKETING_VERSION = 1.0;
				PRODUCT_BUNDLE_IDENTIFIER = "com.noah.-721hw";
				PRODUCT_NAME = "$(TARGET_NAME)";
				SWIFT_EMIT_LOC_STRINGS = YES;
				SWIFT_VERSION = 5.0;
				TARGETED_DEVICE_FAMILY = "1,2";
			};
			name = Release;
		};
/* End XCBuildConfiguration section */

/* Begin XCConfigurationList section */
		48B301092A6A677100F1D0DC /* Build configuration list for PBXProject "0721hw" */ = {
			isa = XCConfigurationList;
			buildConfigurations = (
				48B301202A6A677300F1D0DC /* Debug */,
				48B301212A6A677300F1D0DC /* Release */,
			);
			defaultConfigurationIsVisible = 0;
			defaultConfigurationName = Release;
		};
		48B301222A6A677300F1D0DC /* Build configuration list for PBXNativeTarget "0721hw" */ = {
			isa = XCConfigurationList;
			buildConfigurations = (
				48B301232A6A677300F1D0DC /* Debug */,
				48B301242A6A677300F1D0DC /* Release */,
			);
			defaultConfigurationIsVisible = 0;
			defaultConfigurationName = Release;
		};
/* End XCConfigurationList section */
	};
	rootObject = 48B301062A6A677100F1D0DC /* Project object */;
}
